PODS:
  - Alamofire (5.6.4)
  - DLRadioButton (1.4.12)
  - ImageSlideshow (1.9.2):
    - ImageSlideshow/Core (= 1.9.2)
  - ImageSlideshow/Core (1.9.2)
  - KakaoSDKAuth (2.14.0):
    - KakaoSDKCommon (= 2.14.0)
  - KakaoSDKCommon (2.14.0):
    - KakaoSDKCommon/Common (= 2.14.0)
    - KakaoSDKCommon/Network (= 2.14.0)
  - KakaoSDKCommon/Common (2.14.0)
  - KakaoSDKCommon/Network (2.14.0):
    - Alamofire (~> 5.1)
    - KakaoSDKCommon/Common (= 2.14.0)
  - KakaoSDKUser (2.14.0):
    - KakaoSDKAuth (= 2.14.0)
  - naveridlogin-sdk-ios (4.1.5)
  - Pageboy (4.0.2)
  - PanModal (1.2.7)
  - Tabman (3.0.1):
    - Pageboy (~> 4.0.2)

DEPENDENCIES:
  - Alamofire (~> 5.1)
  - DLRadioButton (~> 1.4)
  - ImageSlideshow (~> 1.9.0)
  - KakaoSDKAuth
  - KakaoSDKCommon
  - KakaoSDKUser
  - naveridlogin-sdk-ios
  - PanModal
  - Tabman (~> 3.0)

SPEC REPOS:
  trunk:
    - Alamofire
    - DLRadioButton
    - ImageSlideshow
    - KakaoSDKAuth
    - KakaoSDKCommon
    - KakaoSDKUser
    - naveridlogin-sdk-ios
    - Pageboy
    - PanModal
    - Tabman

SPEC CHECKSUMS:
  Alamofire: 4e95d97098eacb88856099c4fc79b526a299e48c
  DLRadioButton: d7c4e225ed0e8013cef7be61455230c7557ad7c1
  ImageSlideshow: be305b54eaf2b2cfc7a7141c7c734605d44dc07d
  KakaoSDKAuth: 8fca87815de22062a23297983f327613b087b8bb
  KakaoSDKCommon: 0ce638f7a2e49704943c0b74a087a9f8067bba1c
  KakaoSDKUser: 2ca18314ce72e6690f76cb1f6f9fbc771d31a803
  naveridlogin-sdk-ios: 4351fe7162cd6b8b6dbb37bd7cc205304fa1d889
  Pageboy: 34ff11e8d1041b81769d5bcde9b19a0cb7218bd9
  PanModal: 3e16ead1a907fb06f4df3f13492fd00149fa4974
  Tabman: a5880789298f81d3f2cdd6510b54ae637cfd8e09

PODFILE CHECKSUM: 984eade7fb68de8043488023c40516f7606b98db

COCOAPODS: 1.11.3
