// !$*UTF8*$!
{
	archiveVersion = 1;
	classes = {
	};
	objectVersion = 56;
	objects = {

/* Begin PBXBuildFile section */
		092A186929C1E44A00A866BA /* Typesomethingheader.swift in Sources */ = {isa = PBXBuildFile; fileRef = 092A186829C1E44A00A866BA /* Typesomethingheader.swift */; };
		0936100B29C1F89100D78AAA /* GiveHeart.swift in Sources */ = {isa = PBXBuildFile; fileRef = 0936100A29C1F89100D78AAA /* GiveHeart.swift */; };
		0936100D29C1F8A500D78AAA /* LookHeart.swift in Sources */ = {isa = PBXBuildFile; fileRef = 0936100C29C1F8A500D78AAA /* LookHeart.swift */; };
		0936187C29BE63450086631F /* DetailChatViewController.swift in Sources */ = {isa = PBXBuildFile; fileRef = 0936187B29BE63450086631F /* DetailChatViewController.swift */; };
		0936188329BE69B90086631F /* MyChatTableViewCell.swift in Sources */ = {isa = PBXBuildFile; fileRef = 0936188129BE69B90086631F /* MyChatTableViewCell.swift */; };
		0936188429BE69B90086631F /* MyChatTableViewCell.xib in Resources */ = {isa = PBXBuildFile; fileRef = 0936188229BE69B90086631F /* MyChatTableViewCell.xib */; };
		0936188929BE69DB0086631F /* YoutChatTableViewCell.swift in Sources */ = {isa = PBXBuildFile; fileRef = 0936188729BE69DB0086631F /* YoutChatTableViewCell.swift */; };
		0936188A29BE69DB0086631F /* YoutChatTableViewCell.xib in Resources */ = {isa = PBXBuildFile; fileRef = 0936188829BE69DB0086631F /* YoutChatTableViewCell.xib */; };
		0938CC8329B38300000BE7CA /* TextField.swift in Sources */ = {isa = PBXBuildFile; fileRef = 0938CC8229B38300000BE7CA /* TextField.swift */; };
		0938CC8729B38706000BE7CA /* NavigationBar.swift in Sources */ = {isa = PBXBuildFile; fileRef = 0938CC8629B38706000BE7CA /* NavigationBar.swift */; };
		0938CC8929B390DE000BE7CA /* phoneComViewController.swift in Sources */ = {isa = PBXBuildFile; fileRef = 0938CC8829B390DE000BE7CA /* phoneComViewController.swift */; };
		093A90D629B9A7DF00D8D8B5 /* TagCollectionViewCell.swift in Sources */ = {isa = PBXBuildFile; fileRef = 093A90D429B9A7DF00D8D8B5 /* TagCollectionViewCell.swift */; };
		093A90D729B9A7DF00D8D8B5 /* TagCollectionViewCell.xib in Resources */ = {isa = PBXBuildFile; fileRef = 093A90D529B9A7DF00D8D8B5 /* TagCollectionViewCell.xib */; };
		093A90D929B9C70700D8D8B5 /* UIButton.swift in Sources */ = {isa = PBXBuildFile; fileRef = 093A90D829B9C70600D8D8B5 /* UIButton.swift */; };
		093A960129B70778007102BC /* RecentSearchCollectionViewCell.swift in Sources */ = {isa = PBXBuildFile; fileRef = 093A95FF29B70778007102BC /* RecentSearchCollectionViewCell.swift */; };
		093A960229B70778007102BC /* RecentSearchCollectionViewCell.xib in Resources */ = {isa = PBXBuildFile; fileRef = 093A960029B70778007102BC /* RecentSearchCollectionViewCell.xib */; };
		0942014A29BF4A9C00FBC425 /* RequestJoin.swift in Sources */ = {isa = PBXBuildFile; fileRef = 0942014929BF4A9C00FBC425 /* RequestJoin.swift */; };
		0942014C29BF4ACF00FBC425 /* ResponseJoin.swift in Sources */ = {isa = PBXBuildFile; fileRef = 0942014B29BF4ACF00FBC425 /* ResponseJoin.swift */; };
		0942014E29BF4B8100FBC425 /* SendJoin.swift in Sources */ = {isa = PBXBuildFile; fileRef = 0942014D29BF4B8100FBC425 /* SendJoin.swift */; };
		0942015029BF6A1700FBC425 /* TabBar_ViewController.swift in Sources */ = {isa = PBXBuildFile; fileRef = 0942014F29BF6A1600FBC425 /* TabBar_ViewController.swift */; };
		0942015229BF7DC800FBC425 /* SendChat.swift in Sources */ = {isa = PBXBuildFile; fileRef = 0942015129BF7DC800FBC425 /* SendChat.swift */; };
		09448C5229B5F91B0072FA73 /* CategoryTableViewCell.swift in Sources */ = {isa = PBXBuildFile; fileRef = 09448C5029B5F91B0072FA73 /* CategoryTableViewCell.swift */; };
		09448C5329B5F91B0072FA73 /* CategoryTableViewCell.xib in Resources */ = {isa = PBXBuildFile; fileRef = 09448C5129B5F91B0072FA73 /* CategoryTableViewCell.xib */; };
		09448C5529B609290072FA73 /* SearchViewController.swift in Sources */ = {isa = PBXBuildFile; fileRef = 09448C5429B609290072FA73 /* SearchViewController.swift */; };
		0945B58829B780B20079EAE7 /* FrequencyCollectionViewCell.swift in Sources */ = {isa = PBXBuildFile; fileRef = 0945B58629B780B20079EAE7 /* FrequencyCollectionViewCell.swift */; };
		0945B58929B780B20079EAE7 /* FrequencyCollectionViewCell.xib in Resources */ = {isa = PBXBuildFile; fileRef = 0945B58729B780B20079EAE7 /* FrequencyCollectionViewCell.xib */; };
		0945B58D29B79A300079EAE7 /* SaleViewController.swift in Sources */ = {isa = PBXBuildFile; fileRef = 0945B58C29B79A300079EAE7 /* SaleViewController.swift */; };
		095FAA2B29BB471200A447AF /* ReviewTableViewCell.swift in Sources */ = {isa = PBXBuildFile; fileRef = 095FAA2929BB471200A447AF /* ReviewTableViewCell.swift */; };
		095FAA2C29BB471200A447AF /* ReviewTableViewCell.xib in Resources */ = {isa = PBXBuildFile; fileRef = 095FAA2A29BB471200A447AF /* ReviewTableViewCell.xib */; };
		095FAA3229BB5D0D00A447AF /* PayOptionViewController.swift in Sources */ = {isa = PBXBuildFile; fileRef = 095FAA3129BB5D0D00A447AF /* PayOptionViewController.swift */; };
		09998EF829B85437007F1C45 /* CategoryViewController.swift in Sources */ = {isa = PBXBuildFile; fileRef = 09998EF729B85437007F1C45 /* CategoryViewController.swift */; };
		09998EFA29B85443007F1C45 /* TagViewController.swift in Sources */ = {isa = PBXBuildFile; fileRef = 09998EF929B85443007F1C45 /* TagViewController.swift */; };
		09998EFC29B8544E007F1C45 /* OptionViewController.swift in Sources */ = {isa = PBXBuildFile; fileRef = 09998EFB29B8544E007F1C45 /* OptionViewController.swift */; };
		09998EFE29B85F67007F1C45 /* SaleNavigationController.swift in Sources */ = {isa = PBXBuildFile; fileRef = 09998EFD29B85F67007F1C45 /* SaleNavigationController.swift */; };
		09A0339529B31EF700F291FF /* AppDelegate.swift in Sources */ = {isa = PBXBuildFile; fileRef = 09A0339429B31EF700F291FF /* AppDelegate.swift */; };
		09A0339729B31EF700F291FF /* SceneDelegate.swift in Sources */ = {isa = PBXBuildFile; fileRef = 09A0339629B31EF700F291FF /* SceneDelegate.swift */; };
		09A0339929B31EF700F291FF /* ViewController.swift in Sources */ = {isa = PBXBuildFile; fileRef = 09A0339829B31EF700F291FF /* ViewController.swift */; };
		09A0339C29B31EF700F291FF /* Main.storyboard in Resources */ = {isa = PBXBuildFile; fileRef = 09A0339A29B31EF700F291FF /* Main.storyboard */; };
		09A0339E29B31EF800F291FF /* Assets.xcassets in Resources */ = {isa = PBXBuildFile; fileRef = 09A0339D29B31EF800F291FF /* Assets.xcassets */; };
		09A033A129B31EF800F291FF /* LaunchScreen.storyboard in Resources */ = {isa = PBXBuildFile; fileRef = 09A0339F29B31EF800F291FF /* LaunchScreen.storyboard */; };
		09A033AA29B31FC400F291FF /* LoginViewController.swift in Sources */ = {isa = PBXBuildFile; fileRef = 09A033A929B31FC400F291FF /* LoginViewController.swift */; };
		09A033AF29B3206C00F291FF /* 로그인배너1.jpg in Resources */ = {isa = PBXBuildFile; fileRef = 09A033AC29B3206C00F291FF /* 로그인배너1.jpg */; };
		09A033B029B3206C00F291FF /* 로그인배너2.jpg in Resources */ = {isa = PBXBuildFile; fileRef = 09A033AD29B3206C00F291FF /* 로그인배너2.jpg */; };
		09A033B129B3206C00F291FF /* 로그인배너3.jpg in Resources */ = {isa = PBXBuildFile; fileRef = 09A033AE29B3206C00F291FF /* 로그인배너3.jpg */; };
		09A033B529B3235400F291FF /* 스플래시 이미지.jpg in Resources */ = {isa = PBXBuildFile; fileRef = 09A033B429B3235300F291FF /* 스플래시 이미지.jpg */; };
		09A033B929B3248300F291FF /* EtcLoginViewController.swift in Sources */ = {isa = PBXBuildFile; fileRef = 09A033B829B3248300F291FF /* EtcLoginViewController.swift */; };
		09A033C129B32B1A00F291FF /* images.png in Resources */ = {isa = PBXBuildFile; fileRef = 09A033C029B32B1A00F291FF /* images.png */; };
		09A033C429B36D8000F291FF /* model.swift in Sources */ = {isa = PBXBuildFile; fileRef = 09A033C329B36D8000F291FF /* model.swift */; };
		09A033C629B36DB000F291FF /* HomeViewController.swift in Sources */ = {isa = PBXBuildFile; fileRef = 09A033C529B36DB000F291FF /* HomeViewController.swift */; };
		09A033C829B36FFA00F291FF /* SelfLoginViewController.swift in Sources */ = {isa = PBXBuildFile; fileRef = 09A033C729B36FFA00F291FF /* SelfLoginViewController.swift */; };
		09A1E46929BDF4A8004A59B7 /* DetailResponse.swift in Sources */ = {isa = PBXBuildFile; fileRef = 09A1E46829BDF4A8004A59B7 /* DetailResponse.swift */; };
		09A1E46B29BDFB95004A59B7 /* ItemListResponse.swift in Sources */ = {isa = PBXBuildFile; fileRef = 09A1E46A29BDFB95004A59B7 /* ItemListResponse.swift */; };
		09A1E46D29BE31B2004A59B7 /* SendLogin.swift in Sources */ = {isa = PBXBuildFile; fileRef = 09A1E46C29BE31B2004A59B7 /* SendLogin.swift */; };
		09A1E46F29BE31E6004A59B7 /* LoginResponse.swift in Sources */ = {isa = PBXBuildFile; fileRef = 09A1E46E29BE31E6004A59B7 /* LoginResponse.swift */; };
		09A1E47229BE36F0004A59B7 /* MyPage.swift in Sources */ = {isa = PBXBuildFile; fileRef = 09A1E47129BE36F0004A59B7 /* MyPage.swift */; };
		09A1E47429BE3761004A59B7 /* MyPageresponse.swift in Sources */ = {isa = PBXBuildFile; fileRef = 09A1E47329BE3761004A59B7 /* MyPageresponse.swift */; };
		09A1E47629BE3B7B004A59B7 /* GoSearchViewController.swift in Sources */ = {isa = PBXBuildFile; fileRef = 09A1E47529BE3B7B004A59B7 /* GoSearchViewController.swift */; };
		09A1E47929BE54EB004A59B7 /* ChatViewController.swift in Sources */ = {isa = PBXBuildFile; fileRef = 09A1E47829BE54EB004A59B7 /* ChatViewController.swift */; };
		09A1E47D29BE567D004A59B7 /* ChatTableViewCell.swift in Sources */ = {isa = PBXBuildFile; fileRef = 09A1E47B29BE567D004A59B7 /* ChatTableViewCell.swift */; };
		09A1E47E29BE567D004A59B7 /* ChatTableViewCell.xib in Resources */ = {isa = PBXBuildFile; fileRef = 09A1E47C29BE567D004A59B7 /* ChatTableViewCell.xib */; };
		09A1E48129BE57E1004A59B7 /* GetChatList.swift in Sources */ = {isa = PBXBuildFile; fileRef = 09A1E48029BE57E1004A59B7 /* GetChatList.swift */; };
		09A1E48329BE57F4004A59B7 /* Chatresponse.swift in Sources */ = {isa = PBXBuildFile; fileRef = 09A1E48229BE57F4004A59B7 /* Chatresponse.swift */; };
		09A26BEC29B49CBB006D44DF /* HomeCategoryCollectionViewCell.swift in Sources */ = {isa = PBXBuildFile; fileRef = 09A26BEA29B49CBA006D44DF /* HomeCategoryCollectionViewCell.swift */; };
		09A26BED29B49CBB006D44DF /* HomeCategoryCollectionViewCell.xib in Resources */ = {isa = PBXBuildFile; fileRef = 09A26BEB29B49CBA006D44DF /* HomeCategoryCollectionViewCell.xib */; };
		09A26BEF29B4A19B006D44DF /* HomeCategoryData.swift in Sources */ = {isa = PBXBuildFile; fileRef = 09A26BEE29B4A19B006D44DF /* HomeCategoryData.swift */; };
		09A8FDEC29B877E000728CE1 /* SaleCategoryTableViewCell.swift in Sources */ = {isa = PBXBuildFile; fileRef = 09A8FDEA29B877E000728CE1 /* SaleCategoryTableViewCell.swift */; };
		09A8FDED29B877E000728CE1 /* SaleCategoryTableViewCell.xib in Resources */ = {isa = PBXBuildFile; fileRef = 09A8FDEB29B877E000728CE1 /* SaleCategoryTableViewCell.xib */; };
		09A8FDEF29B8833300728CE1 /* SubCategoryViewController.swift in Sources */ = {isa = PBXBuildFile; fileRef = 09A8FDEE29B8833300728CE1 /* SubCategoryViewController.swift */; };
		09B1140829BCA28900629052 /* PayMethodViewController.swift in Sources */ = {isa = PBXBuildFile; fileRef = 09B1140729BCA28900629052 /* PayMethodViewController.swift */; };
		09B1140B29BCAC8F00629052 /* PayMethodCollectionViewCell.swift in Sources */ = {isa = PBXBuildFile; fileRef = 09B1140929BCAC8F00629052 /* PayMethodCollectionViewCell.swift */; };
		09B1140C29BCAC8F00629052 /* PayMethodCollectionViewCell.xib in Resources */ = {isa = PBXBuildFile; fileRef = 09B1140A29BCAC8F00629052 /* PayMethodCollectionViewCell.xib */; };
		09B1140F29BCBB5900629052 /* CardTableViewCell.swift in Sources */ = {isa = PBXBuildFile; fileRef = 09B1140D29BCBB5900629052 /* CardTableViewCell.swift */; };
		09B1141029BCBB5900629052 /* CardTableViewCell.xib in Resources */ = {isa = PBXBuildFile; fileRef = 09B1140E29BCBB5900629052 /* CardTableViewCell.xib */; };
		09B1141329BCBB6400629052 /* BankTableViewCell.swift in Sources */ = {isa = PBXBuildFile; fileRef = 09B1141129BCBB6400629052 /* BankTableViewCell.swift */; };
		09B1141429BCBB6400629052 /* BankTableViewCell.xib in Resources */ = {isa = PBXBuildFile; fileRef = 09B1141229BCBB6400629052 /* BankTableViewCell.xib */; };
		09B1141629BCBB7800629052 /* CardChoiceViewController.swift in Sources */ = {isa = PBXBuildFile; fileRef = 09B1141529BCBB7800629052 /* CardChoiceViewController.swift */; };
		09B1141829BCC66900629052 /* BankChoiceViewController.swift in Sources */ = {isa = PBXBuildFile; fileRef = 09B1141729BCC66900629052 /* BankChoiceViewController.swift */; };
		09B1141A29BCD86200629052 /* DeliveryOptViewController.swift in Sources */ = {isa = PBXBuildFile; fileRef = 09B1141929BCD86200629052 /* DeliveryOptViewController.swift */; };
		09B1141C29BCDF9400629052 /* MyViewController.swift in Sources */ = {isa = PBXBuildFile; fileRef = 09B1141B29BCDF9400629052 /* MyViewController.swift */; };
		09B34E9F29C0BAE5003D6C63 /* SendSale.swift in Sources */ = {isa = PBXBuildFile; fileRef = 09B34E9E29C0BAE5003D6C63 /* SendSale.swift */; };
		09B34EA429C0E255003D6C63 /* FirebaseAuth in Frameworks */ = {isa = PBXBuildFile; productRef = 09B34EA329C0E255003D6C63 /* FirebaseAuth */; };
		09B34EA629C0E255003D6C63 /* FirebaseFirestore in Frameworks */ = {isa = PBXBuildFile; productRef = 09B34EA529C0E255003D6C63 /* FirebaseFirestore */; };
		09B34EA829C0E255003D6C63 /* FirebaseFirestoreSwift in Frameworks */ = {isa = PBXBuildFile; productRef = 09B34EA729C0E255003D6C63 /* FirebaseFirestoreSwift */; };
		09B34EAA29C0E255003D6C63 /* FirebaseStorage in Frameworks */ = {isa = PBXBuildFile; productRef = 09B34EA929C0E255003D6C63 /* FirebaseStorage */; };
		09B34EAE29C0F386003D6C63 /* IndicatorView.swift in Sources */ = {isa = PBXBuildFile; fileRef = 09B34EAD29C0F385003D6C63 /* IndicatorView.swift */; };
		09B34EB029C0F3B9003D6C63 /* UIViewController.swift in Sources */ = {isa = PBXBuildFile; fileRef = 09B34EAF29C0F3B9003D6C63 /* UIViewController.swift */; };
		09B34EB429C0FD2D003D6C63 /* ReviewRequest.swift in Sources */ = {isa = PBXBuildFile; fileRef = 09B34EB329C0FD2D003D6C63 /* ReviewRequest.swift */; };
		09B34EB629C0FE0B003D6C63 /* ResponseReview.swift in Sources */ = {isa = PBXBuildFile; fileRef = 09B34EB529C0FE0B003D6C63 /* ResponseReview.swift */; };
		09B34EB829C10361003D6C63 /* RequestFollower.swift in Sources */ = {isa = PBXBuildFile; fileRef = 09B34EB729C10361003D6C63 /* RequestFollower.swift */; };
		09B34EBA29C1046D003D6C63 /* ResponseFollow.swift in Sources */ = {isa = PBXBuildFile; fileRef = 09B34EB929C1046D003D6C63 /* ResponseFollow.swift */; };
		09C8454E29C1B1E5000A22F8 /* tagSearch.swift in Sources */ = {isa = PBXBuildFile; fileRef = 09C8454D29C1B1E5000A22F8 /* tagSearch.swift */; };
		09C8455029C1B82E000A22F8 /* CategorySearch.swift in Sources */ = {isa = PBXBuildFile; fileRef = 09C8454F29C1B82E000A22F8 /* CategorySearch.swift */; };
		09C8455429C1DD8B000A22F8 /* EveryItemViewController.swift in Sources */ = {isa = PBXBuildFile; fileRef = 09C8455329C1DD8B000A22F8 /* EveryItemViewController.swift */; };
		09CB6E2B29B58F2500780ED1 /* MenuViewController.swift in Sources */ = {isa = PBXBuildFile; fileRef = 09CB6E2A29B58F2500780ED1 /* MenuViewController.swift */; };
		09CB6E2D29B59D0300780ED1 /* BrandMenuViewController.swift in Sources */ = {isa = PBXBuildFile; fileRef = 09CB6E2C29B59D0300780ED1 /* BrandMenuViewController.swift */; };
		09CB6E2F29B59D1000780ED1 /* ServiceMenuViewController.swift in Sources */ = {isa = PBXBuildFile; fileRef = 09CB6E2E29B59D1000780ED1 /* ServiceMenuViewController.swift */; };
		09CB6E3129B5A4D100780ED1 /* CategoryMenuViewController.swift in Sources */ = {isa = PBXBuildFile; fileRef = 09CB6E3029B5A4D100780ED1 /* CategoryMenuViewController.swift */; };
		09CBF40A29B4D2A200D261B6 /* ItemCollectionViewCell.swift in Sources */ = {isa = PBXBuildFile; fileRef = 09CBF40829B4D2A200D261B6 /* ItemCollectionViewCell.swift */; };
		09CBF40B29B4D2A200D261B6 /* ItemCollectionViewCell.xib in Resources */ = {isa = PBXBuildFile; fileRef = 09CBF40929B4D2A200D261B6 /* ItemCollectionViewCell.xib */; };
		09D3EBAD29BED11B00BD577F /* EditSearchViewController.swift in Sources */ = {isa = PBXBuildFile; fileRef = 09D3EBAC29BED11B00BD577F /* EditSearchViewController.swift */; };
		09D3EBB129BEEBCE00BD577F /* SearchCategoryViewController.swift in Sources */ = {isa = PBXBuildFile; fileRef = 09D3EBB029BEEBCD00BD577F /* SearchCategoryViewController.swift */; };
		09D3EBB329BF06ED00BD577F /* MyShopChangeViewController.swift in Sources */ = {isa = PBXBuildFile; fileRef = 09D3EBB229BF06ED00BD577F /* MyShopChangeViewController.swift */; };
		09DA36F429B4668C00687F10 /* 광고배너9.jpg in Resources */ = {isa = PBXBuildFile; fileRef = 09DA36EB29B4668C00687F10 /* 광고배너9.jpg */; };
		09DA36F529B4668C00687F10 /* 광고배너2.jpg in Resources */ = {isa = PBXBuildFile; fileRef = 09DA36EC29B4668C00687F10 /* 광고배너2.jpg */; };
		09DA36F629B4668C00687F10 /* 광고배너5.jpg in Resources */ = {isa = PBXBuildFile; fileRef = 09DA36ED29B4668C00687F10 /* 광고배너5.jpg */; };
		09DA36F729B4668C00687F10 /* 광고배너8.jpg in Resources */ = {isa = PBXBuildFile; fileRef = 09DA36EE29B4668C00687F10 /* 광고배너8.jpg */; };
		09DA36F829B4668C00687F10 /* 광고배너3.jpg in Resources */ = {isa = PBXBuildFile; fileRef = 09DA36EF29B4668C00687F10 /* 광고배너3.jpg */; };
		09DA36F929B4668C00687F10 /* 광고배너4.jpg in Resources */ = {isa = PBXBuildFile; fileRef = 09DA36F029B4668C00687F10 /* 광고배너4.jpg */; };
		09DA36FA29B4668C00687F10 /* 광고배너1.jpg in Resources */ = {isa = PBXBuildFile; fileRef = 09DA36F129B4668C00687F10 /* 광고배너1.jpg */; };
		09DA36FB29B4668C00687F10 /* 광고배너6.jpg in Resources */ = {isa = PBXBuildFile; fileRef = 09DA36F229B4668C00687F10 /* 광고배너6.jpg */; };
		09DA36FC29B4668C00687F10 /* 광고배너7.jpg in Resources */ = {isa = PBXBuildFile; fileRef = 09DA36F329B4668C00687F10 /* 광고배너7.jpg */; };
		09DC123429BD77DF00EDD90B /* MySaleViewController.swift in Sources */ = {isa = PBXBuildFile; fileRef = 09DC123329BD77DF00EDD90B /* MySaleViewController.swift */; };
		09DC123629BD77ED00EDD90B /* MyReviewViewController.swift in Sources */ = {isa = PBXBuildFile; fileRef = 09DC123529BD77ED00EDD90B /* MyReviewViewController.swift */; };
		09DC123829BD781400EDD90B /* MyHeartViewController.swift in Sources */ = {isa = PBXBuildFile; fileRef = 09DC123729BD781400EDD90B /* MyHeartViewController.swift */; };
		09DC123A29BD92E300EDD90B /* MyTabBarViewController.swift in Sources */ = {isa = PBXBuildFile; fileRef = 09DC123929BD92E300EDD90B /* MyTabBarViewController.swift */; };
		09E3B59A29BC5E2800DD0F82 /* PayViewController.swift in Sources */ = {isa = PBXBuildFile; fileRef = 09E3B59929BC5E2800DD0F82 /* PayViewController.swift */; };
		09E7C0D529BEBEC400627C3A /* EditViewController.swift in Sources */ = {isa = PBXBuildFile; fileRef = 09E7C0D429BEBEC400627C3A /* EditViewController.swift */; };
		09E81A3129BB359400081A30 /* ItemTagCollectionViewCell.swift in Sources */ = {isa = PBXBuildFile; fileRef = 09E81A2F29BB359400081A30 /* ItemTagCollectionViewCell.swift */; };
		09E81A3229BB359400081A30 /* ItemTagCollectionViewCell.xib in Resources */ = {isa = PBXBuildFile; fileRef = 09E81A3029BB359400081A30 /* ItemTagCollectionViewCell.xib */; };
		09E81A3829BB35C500081A30 /* UserDetail.swift in Sources */ = {isa = PBXBuildFile; fileRef = 09E81A3729BB35C500081A30 /* UserDetail.swift */; };
		09F2C86429B4F07D00CC6B39 /* APIConstants.swift in Sources */ = {isa = PBXBuildFile; fileRef = 09F2C86329B4F07D00CC6B39 /* APIConstants.swift */; };
		09F2C86629B4FDA600CC6B39 /* AgreeViewController.swift in Sources */ = {isa = PBXBuildFile; fileRef = 09F2C86529B4FDA600CC6B39 /* AgreeViewController.swift */; };
		09F2C86929B4FF7500CC6B39 /* AgreeTableViewCell.swift in Sources */ = {isa = PBXBuildFile; fileRef = 09F2C86729B4FF7500CC6B39 /* AgreeTableViewCell.swift */; };
		09F2C86A29B4FF7500CC6B39 /* AgreeTableViewCell.xib in Resources */ = {isa = PBXBuildFile; fileRef = 09F2C86829B4FF7500CC6B39 /* AgreeTableViewCell.xib */; };
		09F66B9E29B9D295008B1FD9 /* MapViewController.swift in Sources */ = {isa = PBXBuildFile; fileRef = 09F66B9D29B9D295008B1FD9 /* MapViewController.swift */; };
		09F66BA429B9F096008B1FD9 /* SearchAddressViewController.swift in Sources */ = {isa = PBXBuildFile; fileRef = 09F66BA329B9F096008B1FD9 /* SearchAddressViewController.swift */; };
		09F66BA729BA038A008B1FD9 /* SearchAddressTableViewCell.swift in Sources */ = {isa = PBXBuildFile; fileRef = 09F66BA529BA038A008B1FD9 /* SearchAddressTableViewCell.swift */; };
		09F66BA829BA038A008B1FD9 /* SearchAddressTableViewCell.xib in Resources */ = {isa = PBXBuildFile; fileRef = 09F66BA629BA038A008B1FD9 /* SearchAddressTableViewCell.xib */; };
		09F66BAB29BA293B008B1FD9 /* SetImgCollectionViewCell.swift in Sources */ = {isa = PBXBuildFile; fileRef = 09F66BA929BA293B008B1FD9 /* SetImgCollectionViewCell.swift */; };
		09F66BAC29BA293B008B1FD9 /* SetImgCollectionViewCell.xib in Resources */ = {isa = PBXBuildFile; fileRef = 09F66BAA29BA293B008B1FD9 /* SetImgCollectionViewCell.xib */; };
		09F66BAE29BA3E59008B1FD9 /* DetailItemViewController.swift in Sources */ = {isa = PBXBuildFile; fileRef = 09F66BAD29BA3E59008B1FD9 /* DetailItemViewController.swift */; };
		09FAC81029C046A400DDAF43 /* PayViewNavigationController.swift in Sources */ = {isa = PBXBuildFile; fileRef = 09FAC80F29C046A400DDAF43 /* PayViewNavigationController.swift */; };
		09FAC81229C04BEC00DDAF43 /* RequestLogin.swift in Sources */ = {isa = PBXBuildFile; fileRef = 09FAC81129C04BEC00DDAF43 /* RequestLogin.swift */; };
		09FAC81529C0795600DDAF43 /* EditShopResponse.swift in Sources */ = {isa = PBXBuildFile; fileRef = 09FAC81429C0795600DDAF43 /* EditShopResponse.swift */; };
		09FAC81729C0796F00DDAF43 /* EditShopRequest.swift in Sources */ = {isa = PBXBuildFile; fileRef = 09FAC81629C0796F00DDAF43 /* EditShopRequest.swift */; };
		09FAC81929C0797700DDAF43 /* SendEditShop.swift in Sources */ = {isa = PBXBuildFile; fileRef = 09FAC81829C0797700DDAF43 /* SendEditShop.swift */; };
		B2C1D2A352BBA183B00EA60E /* Pods_BunJang.framework in Frameworks */ = {isa = PBXBuildFile; fileRef = A68A26EDF914E0F82DC7887F /* Pods_BunJang.framework */; };
/* End PBXBuildFile section */

/* Begin PBXFileReference section */
		092A186829C1E44A00A866BA /* Typesomethingheader.swift */ = {isa = PBXFileReference; lastKnownFileType = sourcecode.swift; path = Typesomethingheader.swift; sourceTree = "<group>"; };
		0936100A29C1F89100D78AAA /* GiveHeart.swift */ = {isa = PBXFileReference; lastKnownFileType = sourcecode.swift; path = GiveHeart.swift; sourceTree = "<group>"; };
		0936100C29C1F8A500D78AAA /* LookHeart.swift */ = {isa = PBXFileReference; lastKnownFileType = sourcecode.swift; path = LookHeart.swift; sourceTree = "<group>"; };
		0936187B29BE63450086631F /* DetailChatViewController.swift */ = {isa = PBXFileReference; lastKnownFileType = sourcecode.swift; path = DetailChatViewController.swift; sourceTree = "<group>"; };
		0936188129BE69B90086631F /* MyChatTableViewCell.swift */ = {isa = PBXFileReference; lastKnownFileType = sourcecode.swift; path = MyChatTableViewCell.swift; sourceTree = "<group>"; };
		0936188229BE69B90086631F /* MyChatTableViewCell.xib */ = {isa = PBXFileReference; lastKnownFileType = file.xib; path = MyChatTableViewCell.xib; sourceTree = "<group>"; };
		0936188729BE69DB0086631F /* YoutChatTableViewCell.swift */ = {isa = PBXFileReference; lastKnownFileType = sourcecode.swift; path = YoutChatTableViewCell.swift; sourceTree = "<group>"; };
		0936188829BE69DB0086631F /* YoutChatTableViewCell.xib */ = {isa = PBXFileReference; lastKnownFileType = file.xib; path = YoutChatTableViewCell.xib; sourceTree = "<group>"; };
		0938CC8229B38300000BE7CA /* TextField.swift */ = {isa = PBXFileReference; lastKnownFileType = sourcecode.swift; path = TextField.swift; sourceTree = "<group>"; };
		0938CC8629B38706000BE7CA /* NavigationBar.swift */ = {isa = PBXFileReference; lastKnownFileType = sourcecode.swift; path = NavigationBar.swift; sourceTree = "<group>"; };
		0938CC8829B390DE000BE7CA /* phoneComViewController.swift */ = {isa = PBXFileReference; lastKnownFileType = sourcecode.swift; path = phoneComViewController.swift; sourceTree = "<group>"; };
		093A90D429B9A7DF00D8D8B5 /* TagCollectionViewCell.swift */ = {isa = PBXFileReference; lastKnownFileType = sourcecode.swift; path = TagCollectionViewCell.swift; sourceTree = "<group>"; };
		093A90D529B9A7DF00D8D8B5 /* TagCollectionViewCell.xib */ = {isa = PBXFileReference; lastKnownFileType = file.xib; path = TagCollectionViewCell.xib; sourceTree = "<group>"; };
		093A90D829B9C70600D8D8B5 /* UIButton.swift */ = {isa = PBXFileReference; fileEncoding = 4; lastKnownFileType = sourcecode.swift; name = UIButton.swift; path = "../../../../Downloads/Bunjang-Clone-main/Bunjang/Util/Extension/UIButton.swift"; sourceTree = "<group>"; };
		093A95FF29B70778007102BC /* RecentSearchCollectionViewCell.swift */ = {isa = PBXFileReference; lastKnownFileType = sourcecode.swift; path = RecentSearchCollectionViewCell.swift; sourceTree = "<group>"; };
		093A960029B70778007102BC /* RecentSearchCollectionViewCell.xib */ = {isa = PBXFileReference; lastKnownFileType = file.xib; path = RecentSearchCollectionViewCell.xib; sourceTree = "<group>"; };
		0942014929BF4A9C00FBC425 /* RequestJoin.swift */ = {isa = PBXFileReference; lastKnownFileType = sourcecode.swift; path = RequestJoin.swift; sourceTree = "<group>"; };
		0942014B29BF4ACF00FBC425 /* ResponseJoin.swift */ = {isa = PBXFileReference; lastKnownFileType = sourcecode.swift; path = ResponseJoin.swift; sourceTree = "<group>"; };
		0942014D29BF4B8100FBC425 /* SendJoin.swift */ = {isa = PBXFileReference; lastKnownFileType = sourcecode.swift; path = SendJoin.swift; sourceTree = "<group>"; };
		0942014F29BF6A1600FBC425 /* TabBar_ViewController.swift */ = {isa = PBXFileReference; lastKnownFileType = sourcecode.swift; path = TabBar_ViewController.swift; sourceTree = "<group>"; };
		0942015129BF7DC800FBC425 /* SendChat.swift */ = {isa = PBXFileReference; lastKnownFileType = sourcecode.swift; path = SendChat.swift; sourceTree = "<group>"; };
		09448C5029B5F91B0072FA73 /* CategoryTableViewCell.swift */ = {isa = PBXFileReference; lastKnownFileType = sourcecode.swift; path = CategoryTableViewCell.swift; sourceTree = "<group>"; };
		09448C5129B5F91B0072FA73 /* CategoryTableViewCell.xib */ = {isa = PBXFileReference; lastKnownFileType = file.xib; path = CategoryTableViewCell.xib; sourceTree = "<group>"; };
		09448C5429B609290072FA73 /* SearchViewController.swift */ = {isa = PBXFileReference; lastKnownFileType = sourcecode.swift; path = SearchViewController.swift; sourceTree = "<group>"; };
		0945B58629B780B20079EAE7 /* FrequencyCollectionViewCell.swift */ = {isa = PBXFileReference; lastKnownFileType = sourcecode.swift; path = FrequencyCollectionViewCell.swift; sourceTree = "<group>"; };
		0945B58729B780B20079EAE7 /* FrequencyCollectionViewCell.xib */ = {isa = PBXFileReference; lastKnownFileType = file.xib; path = FrequencyCollectionViewCell.xib; sourceTree = "<group>"; };
		0945B58C29B79A300079EAE7 /* SaleViewController.swift */ = {isa = PBXFileReference; lastKnownFileType = sourcecode.swift; path = SaleViewController.swift; sourceTree = "<group>"; };
		095FAA2929BB471200A447AF /* ReviewTableViewCell.swift */ = {isa = PBXFileReference; lastKnownFileType = sourcecode.swift; path = ReviewTableViewCell.swift; sourceTree = "<group>"; };
		095FAA2A29BB471200A447AF /* ReviewTableViewCell.xib */ = {isa = PBXFileReference; lastKnownFileType = file.xib; path = ReviewTableViewCell.xib; sourceTree = "<group>"; };
		095FAA3129BB5D0D00A447AF /* PayOptionViewController.swift */ = {isa = PBXFileReference; lastKnownFileType = sourcecode.swift; path = PayOptionViewController.swift; sourceTree = "<group>"; };
		09998EF729B85437007F1C45 /* CategoryViewController.swift */ = {isa = PBXFileReference; lastKnownFileType = sourcecode.swift; path = CategoryViewController.swift; sourceTree = "<group>"; };
		09998EF929B85443007F1C45 /* TagViewController.swift */ = {isa = PBXFileReference; lastKnownFileType = sourcecode.swift; path = TagViewController.swift; sourceTree = "<group>"; };
		09998EFB29B8544E007F1C45 /* OptionViewController.swift */ = {isa = PBXFileReference; lastKnownFileType = sourcecode.swift; path = OptionViewController.swift; sourceTree = "<group>"; };
		09998EFD29B85F67007F1C45 /* SaleNavigationController.swift */ = {isa = PBXFileReference; lastKnownFileType = sourcecode.swift; path = SaleNavigationController.swift; sourceTree = "<group>"; };
		09A0339129B31EF700F291FF /* BunJang.app */ = {isa = PBXFileReference; explicitFileType = wrapper.application; includeInIndex = 0; path = BunJang.app; sourceTree = BUILT_PRODUCTS_DIR; };
		09A0339429B31EF700F291FF /* AppDelegate.swift */ = {isa = PBXFileReference; lastKnownFileType = sourcecode.swift; path = AppDelegate.swift; sourceTree = "<group>"; };
		09A0339629B31EF700F291FF /* SceneDelegate.swift */ = {isa = PBXFileReference; lastKnownFileType = sourcecode.swift; path = SceneDelegate.swift; sourceTree = "<group>"; };
		09A0339829B31EF700F291FF /* ViewController.swift */ = {isa = PBXFileReference; lastKnownFileType = sourcecode.swift; path = ViewController.swift; sourceTree = "<group>"; };
		09A0339B29B31EF700F291FF /* Base */ = {isa = PBXFileReference; lastKnownFileType = file.storyboard; name = Base; path = Base.lproj/Main.storyboard; sourceTree = "<group>"; };
		09A0339D29B31EF800F291FF /* Assets.xcassets */ = {isa = PBXFileReference; lastKnownFileType = folder.assetcatalog; path = Assets.xcassets; sourceTree = "<group>"; };
		09A033A029B31EF800F291FF /* Base */ = {isa = PBXFileReference; lastKnownFileType = file.storyboard; name = Base; path = Base.lproj/LaunchScreen.storyboard; sourceTree = "<group>"; };
		09A033A229B31EF800F291FF /* Info.plist */ = {isa = PBXFileReference; lastKnownFileType = text.plist.xml; path = Info.plist; sourceTree = "<group>"; };
		09A033A929B31FC400F291FF /* LoginViewController.swift */ = {isa = PBXFileReference; lastKnownFileType = sourcecode.swift; path = LoginViewController.swift; sourceTree = "<group>"; };
		09A033AC29B3206C00F291FF /* 로그인배너1.jpg */ = {isa = PBXFileReference; lastKnownFileType = image.jpeg; name = "로그인배너1.jpg"; path = "../../../../Downloads/로그인배너1.jpg"; sourceTree = "<group>"; };
		09A033AD29B3206C00F291FF /* 로그인배너2.jpg */ = {isa = PBXFileReference; lastKnownFileType = image.jpeg; name = "로그인배너2.jpg"; path = "../../../../Downloads/로그인배너2.jpg"; sourceTree = "<group>"; };
		09A033AE29B3206C00F291FF /* 로그인배너3.jpg */ = {isa = PBXFileReference; lastKnownFileType = image.jpeg; name = "로그인배너3.jpg"; path = "../../../../Downloads/로그인배너3.jpg"; sourceTree = "<group>"; };
		09A033B429B3235300F291FF /* 스플래시 이미지.jpg */ = {isa = PBXFileReference; lastKnownFileType = image.jpeg; name = "스플래시 이미지.jpg"; path = "../../../../Downloads/스플래시 이미지.jpg"; sourceTree = "<group>"; };
		09A033B829B3248300F291FF /* EtcLoginViewController.swift */ = {isa = PBXFileReference; lastKnownFileType = sourcecode.swift; path = EtcLoginViewController.swift; sourceTree = "<group>"; };
		09A033C029B32B1A00F291FF /* images.png */ = {isa = PBXFileReference; lastKnownFileType = image.png; name = images.png; path = ../../../../Downloads/images.png; sourceTree = "<group>"; };
		09A033C229B3346900F291FF /* BunJang.entitlements */ = {isa = PBXFileReference; lastKnownFileType = text.plist.entitlements; path = BunJang.entitlements; sourceTree = "<group>"; };
		09A033C329B36D8000F291FF /* model.swift */ = {isa = PBXFileReference; lastKnownFileType = sourcecode.swift; path = model.swift; sourceTree = "<group>"; };
		09A033C529B36DB000F291FF /* HomeViewController.swift */ = {isa = PBXFileReference; lastKnownFileType = sourcecode.swift; path = HomeViewController.swift; sourceTree = "<group>"; };
		09A033C729B36FFA00F291FF /* SelfLoginViewController.swift */ = {isa = PBXFileReference; lastKnownFileType = sourcecode.swift; path = SelfLoginViewController.swift; sourceTree = "<group>"; };
		09A1E46829BDF4A8004A59B7 /* DetailResponse.swift */ = {isa = PBXFileReference; lastKnownFileType = sourcecode.swift; path = DetailResponse.swift; sourceTree = "<group>"; };
		09A1E46A29BDFB95004A59B7 /* ItemListResponse.swift */ = {isa = PBXFileReference; lastKnownFileType = sourcecode.swift; path = ItemListResponse.swift; sourceTree = "<group>"; };
		09A1E46C29BE31B2004A59B7 /* SendLogin.swift */ = {isa = PBXFileReference; lastKnownFileType = sourcecode.swift; path = SendLogin.swift; sourceTree = "<group>"; };
		09A1E46E29BE31E6004A59B7 /* LoginResponse.swift */ = {isa = PBXFileReference; lastKnownFileType = sourcecode.swift; path = LoginResponse.swift; sourceTree = "<group>"; };
		09A1E47129BE36F0004A59B7 /* MyPage.swift */ = {isa = PBXFileReference; lastKnownFileType = sourcecode.swift; path = MyPage.swift; sourceTree = "<group>"; };
		09A1E47329BE3761004A59B7 /* MyPageresponse.swift */ = {isa = PBXFileReference; lastKnownFileType = sourcecode.swift; path = MyPageresponse.swift; sourceTree = "<group>"; };
		09A1E47529BE3B7B004A59B7 /* GoSearchViewController.swift */ = {isa = PBXFileReference; lastKnownFileType = sourcecode.swift; path = GoSearchViewController.swift; sourceTree = "<group>"; };
		09A1E47829BE54EB004A59B7 /* ChatViewController.swift */ = {isa = PBXFileReference; lastKnownFileType = sourcecode.swift; path = ChatViewController.swift; sourceTree = "<group>"; };
		09A1E47B29BE567D004A59B7 /* ChatTableViewCell.swift */ = {isa = PBXFileReference; lastKnownFileType = sourcecode.swift; path = ChatTableViewCell.swift; sourceTree = "<group>"; };
		09A1E47C29BE567D004A59B7 /* ChatTableViewCell.xib */ = {isa = PBXFileReference; lastKnownFileType = file.xib; path = ChatTableViewCell.xib; sourceTree = "<group>"; };
		09A1E48029BE57E1004A59B7 /* GetChatList.swift */ = {isa = PBXFileReference; lastKnownFileType = sourcecode.swift; path = GetChatList.swift; sourceTree = "<group>"; };
		09A1E48229BE57F4004A59B7 /* Chatresponse.swift */ = {isa = PBXFileReference; lastKnownFileType = sourcecode.swift; path = Chatresponse.swift; sourceTree = "<group>"; };
		09A26BEA29B49CBA006D44DF /* HomeCategoryCollectionViewCell.swift */ = {isa = PBXFileReference; lastKnownFileType = sourcecode.swift; path = HomeCategoryCollectionViewCell.swift; sourceTree = "<group>"; };
		09A26BEB29B49CBA006D44DF /* HomeCategoryCollectionViewCell.xib */ = {isa = PBXFileReference; lastKnownFileType = file.xib; path = HomeCategoryCollectionViewCell.xib; sourceTree = "<group>"; };
		09A26BEE29B4A19B006D44DF /* HomeCategoryData.swift */ = {isa = PBXFileReference; lastKnownFileType = sourcecode.swift; path = HomeCategoryData.swift; sourceTree = "<group>"; };
		09A8FDEA29B877E000728CE1 /* SaleCategoryTableViewCell.swift */ = {isa = PBXFileReference; lastKnownFileType = sourcecode.swift; path = SaleCategoryTableViewCell.swift; sourceTree = "<group>"; };
		09A8FDEB29B877E000728CE1 /* SaleCategoryTableViewCell.xib */ = {isa = PBXFileReference; lastKnownFileType = file.xib; path = SaleCategoryTableViewCell.xib; sourceTree = "<group>"; };
		09A8FDEE29B8833300728CE1 /* SubCategoryViewController.swift */ = {isa = PBXFileReference; lastKnownFileType = sourcecode.swift; path = SubCategoryViewController.swift; sourceTree = "<group>"; };
		09B1140729BCA28900629052 /* PayMethodViewController.swift */ = {isa = PBXFileReference; lastKnownFileType = sourcecode.swift; path = PayMethodViewController.swift; sourceTree = "<group>"; };
		09B1140929BCAC8F00629052 /* PayMethodCollectionViewCell.swift */ = {isa = PBXFileReference; lastKnownFileType = sourcecode.swift; path = PayMethodCollectionViewCell.swift; sourceTree = "<group>"; };
		09B1140A29BCAC8F00629052 /* PayMethodCollectionViewCell.xib */ = {isa = PBXFileReference; lastKnownFileType = file.xib; path = PayMethodCollectionViewCell.xib; sourceTree = "<group>"; };
		09B1140D29BCBB5900629052 /* CardTableViewCell.swift */ = {isa = PBXFileReference; lastKnownFileType = sourcecode.swift; path = CardTableViewCell.swift; sourceTree = "<group>"; };
		09B1140E29BCBB5900629052 /* CardTableViewCell.xib */ = {isa = PBXFileReference; lastKnownFileType = file.xib; path = CardTableViewCell.xib; sourceTree = "<group>"; };
		09B1141129BCBB6400629052 /* BankTableViewCell.swift */ = {isa = PBXFileReference; lastKnownFileType = sourcecode.swift; path = BankTableViewCell.swift; sourceTree = "<group>"; };
		09B1141229BCBB6400629052 /* BankTableViewCell.xib */ = {isa = PBXFileReference; lastKnownFileType = file.xib; path = BankTableViewCell.xib; sourceTree = "<group>"; };
		09B1141529BCBB7800629052 /* CardChoiceViewController.swift */ = {isa = PBXFileReference; lastKnownFileType = sourcecode.swift; path = CardChoiceViewController.swift; sourceTree = "<group>"; };
		09B1141729BCC66900629052 /* BankChoiceViewController.swift */ = {isa = PBXFileReference; lastKnownFileType = sourcecode.swift; path = BankChoiceViewController.swift; sourceTree = "<group>"; };
		09B1141929BCD86200629052 /* DeliveryOptViewController.swift */ = {isa = PBXFileReference; lastKnownFileType = sourcecode.swift; path = DeliveryOptViewController.swift; sourceTree = "<group>"; };
		09B1141B29BCDF9400629052 /* MyViewController.swift */ = {isa = PBXFileReference; lastKnownFileType = sourcecode.swift; path = MyViewController.swift; sourceTree = "<group>"; };
		09B34E9E29C0BAE5003D6C63 /* SendSale.swift */ = {isa = PBXFileReference; lastKnownFileType = sourcecode.swift; path = SendSale.swift; sourceTree = "<group>"; };
		09B34EAD29C0F385003D6C63 /* IndicatorView.swift */ = {isa = PBXFileReference; fileEncoding = 4; lastKnownFileType = sourcecode.swift; name = IndicatorView.swift; path = "../../../../Downloads/Bunjang-Clone-main/Bunjang/Util/IndicatorView.swift"; sourceTree = "<group>"; };
		09B34EAF29C0F3B9003D6C63 /* UIViewController.swift */ = {isa = PBXFileReference; fileEncoding = 4; lastKnownFileType = sourcecode.swift; name = UIViewController.swift; path = "../../../../Downloads/Bunjang-Clone-main/Bunjang/Util/Extension/UIViewController.swift"; sourceTree = "<group>"; };
		09B34EB329C0FD2D003D6C63 /* ReviewRequest.swift */ = {isa = PBXFileReference; lastKnownFileType = sourcecode.swift; path = ReviewRequest.swift; sourceTree = "<group>"; };
		09B34EB529C0FE0B003D6C63 /* ResponseReview.swift */ = {isa = PBXFileReference; lastKnownFileType = sourcecode.swift; path = ResponseReview.swift; sourceTree = "<group>"; };
		09B34EB729C10361003D6C63 /* RequestFollower.swift */ = {isa = PBXFileReference; lastKnownFileType = sourcecode.swift; path = RequestFollower.swift; sourceTree = "<group>"; };
		09B34EB929C1046D003D6C63 /* ResponseFollow.swift */ = {isa = PBXFileReference; lastKnownFileType = sourcecode.swift; path = ResponseFollow.swift; sourceTree = "<group>"; };
		09C8454D29C1B1E5000A22F8 /* tagSearch.swift */ = {isa = PBXFileReference; lastKnownFileType = sourcecode.swift; path = tagSearch.swift; sourceTree = "<group>"; };
		09C8454F29C1B82E000A22F8 /* CategorySearch.swift */ = {isa = PBXFileReference; lastKnownFileType = sourcecode.swift; path = CategorySearch.swift; sourceTree = "<group>"; };
		09C8455329C1DD8B000A22F8 /* EveryItemViewController.swift */ = {isa = PBXFileReference; lastKnownFileType = sourcecode.swift; path = EveryItemViewController.swift; sourceTree = "<group>"; };
		09CB6E2A29B58F2500780ED1 /* MenuViewController.swift */ = {isa = PBXFileReference; lastKnownFileType = sourcecode.swift; path = MenuViewController.swift; sourceTree = "<group>"; };
		09CB6E2C29B59D0300780ED1 /* BrandMenuViewController.swift */ = {isa = PBXFileReference; lastKnownFileType = sourcecode.swift; path = BrandMenuViewController.swift; sourceTree = "<group>"; };
		09CB6E2E29B59D1000780ED1 /* ServiceMenuViewController.swift */ = {isa = PBXFileReference; lastKnownFileType = sourcecode.swift; path = ServiceMenuViewController.swift; sourceTree = "<group>"; };
		09CB6E3029B5A4D100780ED1 /* CategoryMenuViewController.swift */ = {isa = PBXFileReference; lastKnownFileType = sourcecode.swift; path = CategoryMenuViewController.swift; sourceTree = "<group>"; };
		09CBF40829B4D2A200D261B6 /* ItemCollectionViewCell.swift */ = {isa = PBXFileReference; lastKnownFileType = sourcecode.swift; path = ItemCollectionViewCell.swift; sourceTree = "<group>"; };
		09CBF40929B4D2A200D261B6 /* ItemCollectionViewCell.xib */ = {isa = PBXFileReference; lastKnownFileType = file.xib; path = ItemCollectionViewCell.xib; sourceTree = "<group>"; };
		09D3EBAC29BED11B00BD577F /* EditSearchViewController.swift */ = {isa = PBXFileReference; lastKnownFileType = sourcecode.swift; path = EditSearchViewController.swift; sourceTree = "<group>"; };
		09D3EBB029BEEBCD00BD577F /* SearchCategoryViewController.swift */ = {isa = PBXFileReference; lastKnownFileType = sourcecode.swift; path = SearchCategoryViewController.swift; sourceTree = "<group>"; };
		09D3EBB229BF06ED00BD577F /* MyShopChangeViewController.swift */ = {isa = PBXFileReference; lastKnownFileType = sourcecode.swift; path = MyShopChangeViewController.swift; sourceTree = "<group>"; };
		09DA36EB29B4668C00687F10 /* 광고배너9.jpg */ = {isa = PBXFileReference; lastKnownFileType = image.jpeg; name = "광고배너9.jpg"; path = "../../../../Downloads/광고배너9.jpg"; sourceTree = "<group>"; };
		09DA36EC29B4668C00687F10 /* 광고배너2.jpg */ = {isa = PBXFileReference; lastKnownFileType = image.jpeg; name = "광고배너2.jpg"; path = "../../../../Downloads/광고배너2.jpg"; sourceTree = "<group>"; };
		09DA36ED29B4668C00687F10 /* 광고배너5.jpg */ = {isa = PBXFileReference; lastKnownFileType = image.jpeg; name = "광고배너5.jpg"; path = "../../../../Downloads/광고배너5.jpg"; sourceTree = "<group>"; };
		09DA36EE29B4668C00687F10 /* 광고배너8.jpg */ = {isa = PBXFileReference; lastKnownFileType = image.jpeg; name = "광고배너8.jpg"; path = "../../../../Downloads/광고배너8.jpg"; sourceTree = "<group>"; };
		09DA36EF29B4668C00687F10 /* 광고배너3.jpg */ = {isa = PBXFileReference; lastKnownFileType = image.jpeg; name = "광고배너3.jpg"; path = "../../../../Downloads/광고배너3.jpg"; sourceTree = "<group>"; };
		09DA36F029B4668C00687F10 /* 광고배너4.jpg */ = {isa = PBXFileReference; lastKnownFileType = image.jpeg; name = "광고배너4.jpg"; path = "../../../../Downloads/광고배너4.jpg"; sourceTree = "<group>"; };
		09DA36F129B4668C00687F10 /* 광고배너1.jpg */ = {isa = PBXFileReference; lastKnownFileType = image.jpeg; name = "광고배너1.jpg"; path = "../../../../Downloads/광고배너1.jpg"; sourceTree = "<group>"; };
		09DA36F229B4668C00687F10 /* 광고배너6.jpg */ = {isa = PBXFileReference; lastKnownFileType = image.jpeg; name = "광고배너6.jpg"; path = "../../../../Downloads/광고배너6.jpg"; sourceTree = "<group>"; };
		09DA36F329B4668C00687F10 /* 광고배너7.jpg */ = {isa = PBXFileReference; lastKnownFileType = image.jpeg; name = "광고배너7.jpg"; path = "../../../../Downloads/광고배너7.jpg"; sourceTree = "<group>"; };
		09DC123329BD77DF00EDD90B /* MySaleViewController.swift */ = {isa = PBXFileReference; lastKnownFileType = sourcecode.swift; path = MySaleViewController.swift; sourceTree = "<group>"; };
		09DC123529BD77ED00EDD90B /* MyReviewViewController.swift */ = {isa = PBXFileReference; lastKnownFileType = sourcecode.swift; path = MyReviewViewController.swift; sourceTree = "<group>"; };
		09DC123729BD781400EDD90B /* MyHeartViewController.swift */ = {isa = PBXFileReference; lastKnownFileType = sourcecode.swift; path = MyHeartViewController.swift; sourceTree = "<group>"; };
		09DC123929BD92E300EDD90B /* MyTabBarViewController.swift */ = {isa = PBXFileReference; lastKnownFileType = sourcecode.swift; path = MyTabBarViewController.swift; sourceTree = "<group>"; };
		09E3B59929BC5E2800DD0F82 /* PayViewController.swift */ = {isa = PBXFileReference; lastKnownFileType = sourcecode.swift; path = PayViewController.swift; sourceTree = "<group>"; };
		09E7C0D429BEBEC400627C3A /* EditViewController.swift */ = {isa = PBXFileReference; lastKnownFileType = sourcecode.swift; path = EditViewController.swift; sourceTree = "<group>"; };
		09E81A2F29BB359400081A30 /* ItemTagCollectionViewCell.swift */ = {isa = PBXFileReference; lastKnownFileType = sourcecode.swift; path = ItemTagCollectionViewCell.swift; sourceTree = "<group>"; };
		09E81A3029BB359400081A30 /* ItemTagCollectionViewCell.xib */ = {isa = PBXFileReference; lastKnownFileType = file.xib; path = ItemTagCollectionViewCell.xib; sourceTree = "<group>"; };
		09E81A3729BB35C500081A30 /* UserDetail.swift */ = {isa = PBXFileReference; lastKnownFileType = sourcecode.swift; path = UserDetail.swift; sourceTree = "<group>"; };
		09F2C86329B4F07D00CC6B39 /* APIConstants.swift */ = {isa = PBXFileReference; lastKnownFileType = sourcecode.swift; path = APIConstants.swift; sourceTree = "<group>"; };
		09F2C86529B4FDA600CC6B39 /* AgreeViewController.swift */ = {isa = PBXFileReference; lastKnownFileType = sourcecode.swift; path = AgreeViewController.swift; sourceTree = "<group>"; };
		09F2C86729B4FF7500CC6B39 /* AgreeTableViewCell.swift */ = {isa = PBXFileReference; lastKnownFileType = sourcecode.swift; path = AgreeTableViewCell.swift; sourceTree = "<group>"; };
		09F2C86829B4FF7500CC6B39 /* AgreeTableViewCell.xib */ = {isa = PBXFileReference; lastKnownFileType = file.xib; path = AgreeTableViewCell.xib; sourceTree = "<group>"; };
		09F66B9D29B9D295008B1FD9 /* MapViewController.swift */ = {isa = PBXFileReference; lastKnownFileType = sourcecode.swift; path = MapViewController.swift; sourceTree = "<group>"; };
		09F66BA329B9F096008B1FD9 /* SearchAddressViewController.swift */ = {isa = PBXFileReference; lastKnownFileType = sourcecode.swift; path = SearchAddressViewController.swift; sourceTree = "<group>"; };
		09F66BA529BA038A008B1FD9 /* SearchAddressTableViewCell.swift */ = {isa = PBXFileReference; lastKnownFileType = sourcecode.swift; path = SearchAddressTableViewCell.swift; sourceTree = "<group>"; };
		09F66BA629BA038A008B1FD9 /* SearchAddressTableViewCell.xib */ = {isa = PBXFileReference; lastKnownFileType = file.xib; path = SearchAddressTableViewCell.xib; sourceTree = "<group>"; };
		09F66BA929BA293B008B1FD9 /* SetImgCollectionViewCell.swift */ = {isa = PBXFileReference; lastKnownFileType = sourcecode.swift; path = SetImgCollectionViewCell.swift; sourceTree = "<group>"; };
		09F66BAA29BA293B008B1FD9 /* SetImgCollectionViewCell.xib */ = {isa = PBXFileReference; lastKnownFileType = file.xib; path = SetImgCollectionViewCell.xib; sourceTree = "<group>"; };
		09F66BAD29BA3E59008B1FD9 /* DetailItemViewController.swift */ = {isa = PBXFileReference; lastKnownFileType = sourcecode.swift; path = DetailItemViewController.swift; sourceTree = "<group>"; };
		09FAC80F29C046A400DDAF43 /* PayViewNavigationController.swift */ = {isa = PBXFileReference; lastKnownFileType = sourcecode.swift; path = PayViewNavigationController.swift; sourceTree = "<group>"; };
		09FAC81129C04BEC00DDAF43 /* RequestLogin.swift */ = {isa = PBXFileReference; lastKnownFileType = sourcecode.swift; path = RequestLogin.swift; sourceTree = "<group>"; };
		09FAC81429C0795600DDAF43 /* EditShopResponse.swift */ = {isa = PBXFileReference; lastKnownFileType = sourcecode.swift; path = EditShopResponse.swift; sourceTree = "<group>"; };
		09FAC81629C0796F00DDAF43 /* EditShopRequest.swift */ = {isa = PBXFileReference; lastKnownFileType = sourcecode.swift; path = EditShopRequest.swift; sourceTree = "<group>"; };
		09FAC81829C0797700DDAF43 /* SendEditShop.swift */ = {isa = PBXFileReference; lastKnownFileType = sourcecode.swift; path = SendEditShop.swift; sourceTree = "<group>"; };
		A349ADF302BAC63A7B6941C0 /* Pods-BunJang.debug.xcconfig */ = {isa = PBXFileReference; includeInIndex = 1; lastKnownFileType = text.xcconfig; name = "Pods-BunJang.debug.xcconfig"; path = "Target Support Files/Pods-BunJang/Pods-BunJang.debug.xcconfig"; sourceTree = "<group>"; };
		A68A26EDF914E0F82DC7887F /* Pods_BunJang.framework */ = {isa = PBXFileReference; explicitFileType = wrapper.framework; includeInIndex = 0; path = Pods_BunJang.framework; sourceTree = BUILT_PRODUCTS_DIR; };
		BA292E1A06D6CEAC39F69DD5 /* Pods-BunJang.release.xcconfig */ = {isa = PBXFileReference; includeInIndex = 1; lastKnownFileType = text.xcconfig; name = "Pods-BunJang.release.xcconfig"; path = "Target Support Files/Pods-BunJang/Pods-BunJang.release.xcconfig"; sourceTree = "<group>"; };
/* End PBXFileReference section */

/* Begin PBXFrameworksBuildPhase section */
		09A0338E29B31EF700F291FF /* Frameworks */ = {
			isa = PBXFrameworksBuildPhase;
			buildActionMask = 2147483647;
			files = (
				B2C1D2A352BBA183B00EA60E /* Pods_BunJang.framework in Frameworks */,
				09B34EA429C0E255003D6C63 /* FirebaseAuth in Frameworks */,
				09B34EA629C0E255003D6C63 /* FirebaseFirestore in Frameworks */,
				09B34EAA29C0E255003D6C63 /* FirebaseStorage in Frameworks */,
				09B34EA829C0E255003D6C63 /* FirebaseFirestoreSwift in Frameworks */,
			);
			runOnlyForDeploymentPostprocessing = 0;
		};
/* End PBXFrameworksBuildPhase section */

/* Begin PBXGroup section */
		0936100929C1F87A00D78AAA /* Heart */ = {
			isa = PBXGroup;
			children = (
				0936100A29C1F89100D78AAA /* GiveHeart.swift */,
				0936100C29C1F8A500D78AAA /* LookHeart.swift */,
			);
			path = Heart;
			sourceTree = "<group>";
		};
		093A95FE29B7075A007102BC /* Search */ = {
			isa = PBXGroup;
			children = (
				093A95FF29B70778007102BC /* RecentSearchCollectionViewCell.swift */,
				093A960029B70778007102BC /* RecentSearchCollectionViewCell.xib */,
				0945B58629B780B20079EAE7 /* FrequencyCollectionViewCell.swift */,
				0945B58729B780B20079EAE7 /* FrequencyCollectionViewCell.xib */,
				09A1E47529BE3B7B004A59B7 /* GoSearchViewController.swift */,
				09D3EBAC29BED11B00BD577F /* EditSearchViewController.swift */,
			);
			path = Search;
			sourceTree = "<group>";
		};
		0942014829BF4A7900FBC425 /* Register */ = {
			isa = PBXGroup;
			children = (
				0942014B29BF4ACF00FBC425 /* ResponseJoin.swift */,
				0942014929BF4A9C00FBC425 /* RequestJoin.swift */,
				0942014D29BF4B8100FBC425 /* SendJoin.swift */,
			);
			path = Register;
			sourceTree = "<group>";
		};
		09998EF629B853E7007F1C45 /* Sale */ = {
			isa = PBXGroup;
			children = (
				09998EFB29B8544E007F1C45 /* OptionViewController.swift */,
				09998EFD29B85F67007F1C45 /* SaleNavigationController.swift */,
				09998EF729B85437007F1C45 /* CategoryViewController.swift */,
				09A8FDEE29B8833300728CE1 /* SubCategoryViewController.swift */,
				09998EF929B85443007F1C45 /* TagViewController.swift */,
				093A90D429B9A7DF00D8D8B5 /* TagCollectionViewCell.swift */,
				093A90D529B9A7DF00D8D8B5 /* TagCollectionViewCell.xib */,
				09F66B9D29B9D295008B1FD9 /* MapViewController.swift */,
				09F66BA329B9F096008B1FD9 /* SearchAddressViewController.swift */,
				09F66BA529BA038A008B1FD9 /* SearchAddressTableViewCell.swift */,
				09F66BA629BA038A008B1FD9 /* SearchAddressTableViewCell.xib */,
				09F66BA929BA293B008B1FD9 /* SetImgCollectionViewCell.swift */,
				09F66BAA29BA293B008B1FD9 /* SetImgCollectionViewCell.xib */,
			);
			path = Sale;
			sourceTree = "<group>";
		};
		09A0338829B31EF700F291FF = {
			isa = PBXGroup;
			children = (
				09A0339329B31EF700F291FF /* BunJang */,
				09A0339229B31EF700F291FF /* Products */,
				211A69D540B835C788D3CA5B /* Pods */,
				7D0BF97506D3F1F1FBD9A0FD /* Frameworks */,
			);
			sourceTree = "<group>";
		};
		09A0339229B31EF700F291FF /* Products */ = {
			isa = PBXGroup;
			children = (
				09A0339129B31EF700F291FF /* BunJang.app */,
			);
			name = Products;
			sourceTree = "<group>";
		};
		09A0339329B31EF700F291FF /* BunJang */ = {
			isa = PBXGroup;
			children = (
				09A033C229B3346900F291FF /* BunJang.entitlements */,
				09A033AB29B3206200F291FF /* Img */,
				09F2C86029B4F05E00CC6B39 /* Network */,
				09A033B729B3246800F291FF /* Model */,
				09A033B629B3246200F291FF /* Controller */,
				09A033A829B31FB900F291FF /* View */,
				09A0339429B31EF700F291FF /* AppDelegate.swift */,
				09A0339629B31EF700F291FF /* SceneDelegate.swift */,
				09A0339829B31EF700F291FF /* ViewController.swift */,
				09A0339A29B31EF700F291FF /* Main.storyboard */,
				09A0339D29B31EF800F291FF /* Assets.xcassets */,
				09A0339F29B31EF800F291FF /* LaunchScreen.storyboard */,
				09A033A229B31EF800F291FF /* Info.plist */,
			);
			path = BunJang;
			sourceTree = "<group>";
		};
		09A033A829B31FB900F291FF /* View */ = {
			isa = PBXGroup;
			children = (
				09A033A929B31FC400F291FF /* LoginViewController.swift */,
				09A033C529B36DB000F291FF /* HomeViewController.swift */,
				09F66BAD29BA3E59008B1FD9 /* DetailItemViewController.swift */,
				09448C5429B609290072FA73 /* SearchViewController.swift */,
				0945B58C29B79A300079EAE7 /* SaleViewController.swift */,
				09B1141B29BCDF9400629052 /* MyViewController.swift */,
				09C8455329C1DD8B000A22F8 /* EveryItemViewController.swift */,
				09A1E47829BE54EB004A59B7 /* ChatViewController.swift */,
			);
			path = View;
			sourceTree = "<group>";
		};
		09A033AB29B3206200F291FF /* Img */ = {
			isa = PBXGroup;
			children = (
				09DA36F129B4668C00687F10 /* 광고배너1.jpg */,
				09DA36EC29B4668C00687F10 /* 광고배너2.jpg */,
				09DA36EF29B4668C00687F10 /* 광고배너3.jpg */,
				09DA36F029B4668C00687F10 /* 광고배너4.jpg */,
				09DA36ED29B4668C00687F10 /* 광고배너5.jpg */,
				09DA36F229B4668C00687F10 /* 광고배너6.jpg */,
				09DA36F329B4668C00687F10 /* 광고배너7.jpg */,
				09DA36EE29B4668C00687F10 /* 광고배너8.jpg */,
				09DA36EB29B4668C00687F10 /* 광고배너9.jpg */,
				09A033C029B32B1A00F291FF /* images.png */,
				09A033AC29B3206C00F291FF /* 로그인배너1.jpg */,
				09A033AD29B3206C00F291FF /* 로그인배너2.jpg */,
				09A033AE29B3206C00F291FF /* 로그인배너3.jpg */,
				09A033B429B3235300F291FF /* 스플래시 이미지.jpg */,
			);
			path = Img;
			sourceTree = "<group>";
		};
		09A033B629B3246200F291FF /* Controller */ = {
			isa = PBXGroup;
			children = (
				09D221E229BB1510008B7380 /* DetailItem+pay */,
				093A95FE29B7075A007102BC /* Search */,
				09CB6E2929B58F0F00780ED1 /* Home */,
				09CB6E2829B58EFC00780ED1 /* Login */,
				09DA36FD29B49C5300687F10 /* CategoryCell */,
				09A1E47A29BE5660004A59B7 /* Chat */,
				09DA36FE29B49C5F00687F10 /* Util */,
				09DC123229BD76D900EDD90B /* My */,
				09998EF629B853E7007F1C45 /* Sale */,
			);
			path = Controller;
			sourceTree = "<group>";
		};
		09A033B729B3246800F291FF /* Model */ = {
			isa = PBXGroup;
			children = (
				09A033C329B36D8000F291FF /* model.swift */,
				09A26BEE29B4A19B006D44DF /* HomeCategoryData.swift */,
				09E81A3729BB35C500081A30 /* UserDetail.swift */,
			);
			path = Model;
			sourceTree = "<group>";
		};
		09A1E46729BDE057004A59B7 /* Item */ = {
			isa = PBXGroup;
			children = (
				09F2C86329B4F07D00CC6B39 /* APIConstants.swift */,
				09A1E46A29BDFB95004A59B7 /* ItemListResponse.swift */,
				09A1E46829BDF4A8004A59B7 /* DetailResponse.swift */,
			);
			path = Item;
			sourceTree = "<group>";
		};
		09A1E47029BE36DD004A59B7 /* MY */ = {
			isa = PBXGroup;
			children = (
				09A1E47129BE36F0004A59B7 /* MyPage.swift */,
				09A1E47329BE3761004A59B7 /* MyPageresponse.swift */,
				09B34EB329C0FD2D003D6C63 /* ReviewRequest.swift */,
				09B34EB529C0FE0B003D6C63 /* ResponseReview.swift */,
				09B34EB729C10361003D6C63 /* RequestFollower.swift */,
				09B34EB929C1046D003D6C63 /* ResponseFollow.swift */,
			);
			path = MY;
			sourceTree = "<group>";
		};
		09A1E47729BE4C90004A59B7 /* Login */ = {
			isa = PBXGroup;
			children = (
				09A1E46C29BE31B2004A59B7 /* SendLogin.swift */,
				09A1E46E29BE31E6004A59B7 /* LoginResponse.swift */,
				09FAC81129C04BEC00DDAF43 /* RequestLogin.swift */,
			);
			path = Login;
			sourceTree = "<group>";
		};
		09A1E47A29BE5660004A59B7 /* Chat */ = {
			isa = PBXGroup;
			children = (
				09A1E47B29BE567D004A59B7 /* ChatTableViewCell.swift */,
				09A1E47C29BE567D004A59B7 /* ChatTableViewCell.xib */,
				0936187B29BE63450086631F /* DetailChatViewController.swift */,
				0936188129BE69B90086631F /* MyChatTableViewCell.swift */,
				0936188229BE69B90086631F /* MyChatTableViewCell.xib */,
				0936188729BE69DB0086631F /* YoutChatTableViewCell.swift */,
				0936188829BE69DB0086631F /* YoutChatTableViewCell.xib */,
				09E7C0D429BEBEC400627C3A /* EditViewController.swift */,
			);
			path = Chat;
			sourceTree = "<group>";
		};
		09A1E47F29BE57D0004A59B7 /* Chat */ = {
			isa = PBXGroup;
			children = (
				09A1E48029BE57E1004A59B7 /* GetChatList.swift */,
				09A1E48229BE57F4004A59B7 /* Chatresponse.swift */,
				0942015129BF7DC800FBC425 /* SendChat.swift */,
			);
			path = Chat;
			sourceTree = "<group>";
		};
		09B34E9B29C0BAA7003D6C63 /* Sale */ = {
			isa = PBXGroup;
			children = (
				09B34E9E29C0BAE5003D6C63 /* SendSale.swift */,
			);
			path = Sale;
			sourceTree = "<group>";
		};
		09C8454C29C1B1D4000A22F8 /* Search */ = {
			isa = PBXGroup;
			children = (
				09C8454D29C1B1E5000A22F8 /* tagSearch.swift */,
				09C8454F29C1B82E000A22F8 /* CategorySearch.swift */,
			);
			path = Search;
			sourceTree = "<group>";
		};
		09CB6E2829B58EFC00780ED1 /* Login */ = {
			isa = PBXGroup;
			children = (
				09A033C729B36FFA00F291FF /* SelfLoginViewController.swift */,
				09A033B829B3248300F291FF /* EtcLoginViewController.swift */,
				0938CC8829B390DE000BE7CA /* phoneComViewController.swift */,
				09F2C86529B4FDA600CC6B39 /* AgreeViewController.swift */,
			);
			path = Login;
			sourceTree = "<group>";
		};
		09CB6E2929B58F0F00780ED1 /* Home */ = {
			isa = PBXGroup;
			children = (
				09CB6E2A29B58F2500780ED1 /* MenuViewController.swift */,
				09CB6E3029B5A4D100780ED1 /* CategoryMenuViewController.swift */,
				09CB6E2C29B59D0300780ED1 /* BrandMenuViewController.swift */,
				09CB6E2E29B59D1000780ED1 /* ServiceMenuViewController.swift */,
				09D3EBB029BEEBCD00BD577F /* SearchCategoryViewController.swift */,
				0942014F29BF6A1600FBC425 /* TabBar_ViewController.swift */,
			);
			path = Home;
			sourceTree = "<group>";
		};
		09D221E229BB1510008B7380 /* DetailItem+pay */ = {
			isa = PBXGroup;
			children = (
				09E81A2F29BB359400081A30 /* ItemTagCollectionViewCell.swift */,
				09E81A3029BB359400081A30 /* ItemTagCollectionViewCell.xib */,
				095FAA2929BB471200A447AF /* ReviewTableViewCell.swift */,
				095FAA2A29BB471200A447AF /* ReviewTableViewCell.xib */,
				095FAA3129BB5D0D00A447AF /* PayOptionViewController.swift */,
				09E3B59929BC5E2800DD0F82 /* PayViewController.swift */,
				09B1140729BCA28900629052 /* PayMethodViewController.swift */,
				09B1140929BCAC8F00629052 /* PayMethodCollectionViewCell.swift */,
				09B1140A29BCAC8F00629052 /* PayMethodCollectionViewCell.xib */,
				09B1140D29BCBB5900629052 /* CardTableViewCell.swift */,
				09B1140E29BCBB5900629052 /* CardTableViewCell.xib */,
				09B1141129BCBB6400629052 /* BankTableViewCell.swift */,
				09B1141229BCBB6400629052 /* BankTableViewCell.xib */,
				09B1141529BCBB7800629052 /* CardChoiceViewController.swift */,
				09B1141729BCC66900629052 /* BankChoiceViewController.swift */,
				09B1141929BCD86200629052 /* DeliveryOptViewController.swift */,
				09FAC80F29C046A400DDAF43 /* PayViewNavigationController.swift */,
			);
			path = "DetailItem+pay";
			sourceTree = "<group>";
		};
		09DA36FD29B49C5300687F10 /* CategoryCell */ = {
			isa = PBXGroup;
			children = (
				09A26BEA29B49CBA006D44DF /* HomeCategoryCollectionViewCell.swift */,
				09A26BEB29B49CBA006D44DF /* HomeCategoryCollectionViewCell.xib */,
				09CBF40829B4D2A200D261B6 /* ItemCollectionViewCell.swift */,
				09CBF40929B4D2A200D261B6 /* ItemCollectionViewCell.xib */,
				09F2C86729B4FF7500CC6B39 /* AgreeTableViewCell.swift */,
				09F2C86829B4FF7500CC6B39 /* AgreeTableViewCell.xib */,
				09448C5029B5F91B0072FA73 /* CategoryTableViewCell.swift */,
				09448C5129B5F91B0072FA73 /* CategoryTableViewCell.xib */,
				09A8FDEA29B877E000728CE1 /* SaleCategoryTableViewCell.swift */,
				09A8FDEB29B877E000728CE1 /* SaleCategoryTableViewCell.xib */,
			);
			path = CategoryCell;
			sourceTree = "<group>";
		};
		09DA36FE29B49C5F00687F10 /* Util */ = {
			isa = PBXGroup;
			children = (
				09B34EAF29C0F3B9003D6C63 /* UIViewController.swift */,
				09B34EAD29C0F385003D6C63 /* IndicatorView.swift */,
				093A90D829B9C70600D8D8B5 /* UIButton.swift */,
				0938CC8229B38300000BE7CA /* TextField.swift */,
				0938CC8629B38706000BE7CA /* NavigationBar.swift */,
				092A186829C1E44A00A866BA /* Typesomethingheader.swift */,
			);
			name = Util;
			sourceTree = "<group>";
		};
		09DC123229BD76D900EDD90B /* My */ = {
			isa = PBXGroup;
			children = (
				09DC123929BD92E300EDD90B /* MyTabBarViewController.swift */,
				09DC123329BD77DF00EDD90B /* MySaleViewController.swift */,
				09DC123529BD77ED00EDD90B /* MyReviewViewController.swift */,
				09DC123729BD781400EDD90B /* MyHeartViewController.swift */,
				09D3EBB229BF06ED00BD577F /* MyShopChangeViewController.swift */,
			);
			path = My;
			sourceTree = "<group>";
		};
		09F2C86029B4F05E00CC6B39 /* Network */ = {
			isa = PBXGroup;
			children = (
				0936100929C1F87A00D78AAA /* Heart */,
				09C8454C29C1B1D4000A22F8 /* Search */,
				09B34E9B29C0BAA7003D6C63 /* Sale */,
				09FAC81329C0793A00DDAF43 /* EditShop */,
				0942014829BF4A7900FBC425 /* Register */,
				09A1E47F29BE57D0004A59B7 /* Chat */,
				09A1E47729BE4C90004A59B7 /* Login */,
				09A1E47029BE36DD004A59B7 /* MY */,
				09A1E46729BDE057004A59B7 /* Item */,
			);
			path = Network;
			sourceTree = "<group>";
		};
		09FAC81329C0793A00DDAF43 /* EditShop */ = {
			isa = PBXGroup;
			children = (
				09FAC81429C0795600DDAF43 /* EditShopResponse.swift */,
				09FAC81629C0796F00DDAF43 /* EditShopRequest.swift */,
				09FAC81829C0797700DDAF43 /* SendEditShop.swift */,
			);
			path = EditShop;
			sourceTree = "<group>";
		};
		211A69D540B835C788D3CA5B /* Pods */ = {
			isa = PBXGroup;
			children = (
				A349ADF302BAC63A7B6941C0 /* Pods-BunJang.debug.xcconfig */,
				BA292E1A06D6CEAC39F69DD5 /* Pods-BunJang.release.xcconfig */,
			);
			path = Pods;
			sourceTree = "<group>";
		};
		7D0BF97506D3F1F1FBD9A0FD /* Frameworks */ = {
			isa = PBXGroup;
			children = (
				A68A26EDF914E0F82DC7887F /* Pods_BunJang.framework */,
			);
			name = Frameworks;
			sourceTree = "<group>";
		};
/* End PBXGroup section */

/* Begin PBXNativeTarget section */
		09A0339029B31EF700F291FF /* BunJang */ = {
			isa = PBXNativeTarget;
			buildConfigurationList = 09A033A529B31EF800F291FF /* Build configuration list for PBXNativeTarget "BunJang" */;
			buildPhases = (
				BFAFE8705B88E64724079D67 /* [CP] Check Pods Manifest.lock */,
				09A0338D29B31EF700F291FF /* Sources */,
				09A0338E29B31EF700F291FF /* Frameworks */,
				09A0338F29B31EF700F291FF /* Resources */,
				BA1F7FAD0B230303513C1A6F /* [CP] Embed Pods Frameworks */,
			);
			buildRules = (
			);
			dependencies = (
			);
			name = BunJang;
			packageProductDependencies = (
				09B34EA329C0E255003D6C63 /* FirebaseAuth */,
				09B34EA529C0E255003D6C63 /* FirebaseFirestore */,
				09B34EA729C0E255003D6C63 /* FirebaseFirestoreSwift */,
				09B34EA929C0E255003D6C63 /* FirebaseStorage */,
			);
			productName = BunJang;
			productReference = 09A0339129B31EF700F291FF /* BunJang.app */;
			productType = "com.apple.product-type.application";
		};
/* End PBXNativeTarget section */

/* Begin PBXProject section */
		09A0338929B31EF700F291FF /* Project object */ = {
			isa = PBXProject;
			attributes = {
				BuildIndependentTargetsInParallel = 1;
				LastSwiftUpdateCheck = 1420;
				LastUpgradeCheck = 1420;
				TargetAttributes = {
					09A0339029B31EF700F291FF = {
						CreatedOnToolsVersion = 14.2;
					};
				};
			};
			buildConfigurationList = 09A0338C29B31EF700F291FF /* Build configuration list for PBXProject "BunJang" */;
			compatibilityVersion = "Xcode 14.0";
			developmentRegion = en;
			hasScannedForEncodings = 0;
			knownRegions = (
				en,
				Base,
			);
			mainGroup = 09A0338829B31EF700F291FF;
			packageReferences = (
				09B34EA229C0E255003D6C63 /* XCRemoteSwiftPackageReference "firebase-ios-sdk" */,
			);
			productRefGroup = 09A0339229B31EF700F291FF /* Products */;
			projectDirPath = "";
			projectRoot = "";
			targets = (
				09A0339029B31EF700F291FF /* BunJang */,
			);
		};
/* End PBXProject section */

/* Begin PBXResourcesBuildPhase section */
		09A0338F29B31EF700F291FF /* Resources */ = {
			isa = PBXResourcesBuildPhase;
			buildActionMask = 2147483647;
			files = (
				09A033B129B3206C00F291FF /* 로그인배너3.jpg in Resources */,
				093A960229B70778007102BC /* RecentSearchCollectionViewCell.xib in Resources */,
				09A033AF29B3206C00F291FF /* 로그인배너1.jpg in Resources */,
				09DA36FB29B4668C00687F10 /* 광고배너6.jpg in Resources */,
				09DA36F629B4668C00687F10 /* 광고배너5.jpg in Resources */,
				09B1141429BCBB6400629052 /* BankTableViewCell.xib in Resources */,
				095FAA2C29BB471200A447AF /* ReviewTableViewCell.xib in Resources */,
				09DA36F829B4668C00687F10 /* 광고배너3.jpg in Resources */,
				09A033A129B31EF800F291FF /* LaunchScreen.storyboard in Resources */,
				0936188429BE69B90086631F /* MyChatTableViewCell.xib in Resources */,
				09A033C129B32B1A00F291FF /* images.png in Resources */,
				09A26BED29B49CBB006D44DF /* HomeCategoryCollectionViewCell.xib in Resources */,
				09DA36FA29B4668C00687F10 /* 광고배너1.jpg in Resources */,
				09F66BA829BA038A008B1FD9 /* SearchAddressTableViewCell.xib in Resources */,
				09A033B529B3235400F291FF /* 스플래시 이미지.jpg in Resources */,
				09A033B029B3206C00F291FF /* 로그인배너2.jpg in Resources */,
				09B1141029BCBB5900629052 /* CardTableViewCell.xib in Resources */,
				09F66BAC29BA293B008B1FD9 /* SetImgCollectionViewCell.xib in Resources */,
				09DA36FC29B4668C00687F10 /* 광고배너7.jpg in Resources */,
				09DA36F529B4668C00687F10 /* 광고배너2.jpg in Resources */,
				09DA36F729B4668C00687F10 /* 광고배너8.jpg in Resources */,
				0936188A29BE69DB0086631F /* YoutChatTableViewCell.xib in Resources */,
				09F2C86A29B4FF7500CC6B39 /* AgreeTableViewCell.xib in Resources */,
				09448C5329B5F91B0072FA73 /* CategoryTableViewCell.xib in Resources */,
				09B1140C29BCAC8F00629052 /* PayMethodCollectionViewCell.xib in Resources */,
				0945B58929B780B20079EAE7 /* FrequencyCollectionViewCell.xib in Resources */,
				09E81A3229BB359400081A30 /* ItemTagCollectionViewCell.xib in Resources */,
				09A1E47E29BE567D004A59B7 /* ChatTableViewCell.xib in Resources */,
				09CBF40B29B4D2A200D261B6 /* ItemCollectionViewCell.xib in Resources */,
				09DA36F929B4668C00687F10 /* 광고배너4.jpg in Resources */,
				09A8FDED29B877E000728CE1 /* SaleCategoryTableViewCell.xib in Resources */,
				09A0339E29B31EF800F291FF /* Assets.xcassets in Resources */,
				093A90D729B9A7DF00D8D8B5 /* TagCollectionViewCell.xib in Resources */,
				09DA36F429B4668C00687F10 /* 광고배너9.jpg in Resources */,
				09A0339C29B31EF700F291FF /* Main.storyboard in Resources */,
			);
			runOnlyForDeploymentPostprocessing = 0;
		};
/* End PBXResourcesBuildPhase section */

/* Begin PBXShellScriptBuildPhase section */
		BA1F7FAD0B230303513C1A6F /* [CP] Embed Pods Frameworks */ = {
			isa = PBXShellScriptBuildPhase;
			buildActionMask = 2147483647;
			files = (
			);
			inputFileListPaths = (
				"${PODS_ROOT}/Target Support Files/Pods-BunJang/Pods-BunJang-frameworks-${CONFIGURATION}-input-files.xcfilelist",
			);
			name = "[CP] Embed Pods Frameworks";
			outputFileListPaths = (
				"${PODS_ROOT}/Target Support Files/Pods-BunJang/Pods-BunJang-frameworks-${CONFIGURATION}-output-files.xcfilelist",
			);
			runOnlyForDeploymentPostprocessing = 0;
			shellPath = /bin/sh;
			shellScript = "\"${PODS_ROOT}/Target Support Files/Pods-BunJang/Pods-BunJang-frameworks.sh\"\n";
			showEnvVarsInLog = 0;
		};
		BFAFE8705B88E64724079D67 /* [CP] Check Pods Manifest.lock */ = {
			isa = PBXShellScriptBuildPhase;
			buildActionMask = 2147483647;
			files = (
			);
			inputFileListPaths = (
			);
			inputPaths = (
				"${PODS_PODFILE_DIR_PATH}/Podfile.lock",
				"${PODS_ROOT}/Manifest.lock",
			);
			name = "[CP] Check Pods Manifest.lock";
			outputFileListPaths = (
			);
			outputPaths = (
				"$(DERIVED_FILE_DIR)/Pods-BunJang-checkManifestLockResult.txt",
			);
			runOnlyForDeploymentPostprocessing = 0;
			shellPath = /bin/sh;
			shellScript = "diff \"${PODS_PODFILE_DIR_PATH}/Podfile.lock\" \"${PODS_ROOT}/Manifest.lock\" > /dev/null\nif [ $? != 0 ] ; then\n    # print error to STDERR\n    echo \"error: The sandbox is not in sync with the Podfile.lock. Run 'pod install' or update your CocoaPods installation.\" >&2\n    exit 1\nfi\n# This output is used by Xcode 'outputs' to avoid re-running this script phase.\necho \"SUCCESS\" > \"${SCRIPT_OUTPUT_FILE_0}\"\n";
			showEnvVarsInLog = 0;
		};
/* End PBXShellScriptBuildPhase section */

/* Begin PBXSourcesBuildPhase section */
		09A0338D29B31EF700F291FF /* Sources */ = {
			isa = PBXSourcesBuildPhase;
			buildActionMask = 2147483647;
			files = (
				09A033AA29B31FC400F291FF /* LoginViewController.swift in Sources */,
				09A1E47629BE3B7B004A59B7 /* GoSearchViewController.swift in Sources */,
				0942015029BF6A1700FBC425 /* TabBar_ViewController.swift in Sources */,
				09E3B59A29BC5E2800DD0F82 /* PayViewController.swift in Sources */,
				09DC123A29BD92E300EDD90B /* MyTabBarViewController.swift in Sources */,
				09A1E47429BE3761004A59B7 /* MyPageresponse.swift in Sources */,
				09A8FDEF29B8833300728CE1 /* SubCategoryViewController.swift in Sources */,
				09C8455429C1DD8B000A22F8 /* EveryItemViewController.swift in Sources */,
				09A1E46D29BE31B2004A59B7 /* SendLogin.swift in Sources */,
				0936100D29C1F8A500D78AAA /* LookHeart.swift in Sources */,
				09A26BEC29B49CBB006D44DF /* HomeCategoryCollectionViewCell.swift in Sources */,
				09B34EB829C10361003D6C63 /* RequestFollower.swift in Sources */,
				09A1E46929BDF4A8004A59B7 /* DetailResponse.swift in Sources */,
				09E81A3129BB359400081A30 /* ItemTagCollectionViewCell.swift in Sources */,
				09B1140F29BCBB5900629052 /* CardTableViewCell.swift in Sources */,
				0942015229BF7DC800FBC425 /* SendChat.swift in Sources */,
				095FAA2B29BB471200A447AF /* ReviewTableViewCell.swift in Sources */,
				0936188929BE69DB0086631F /* YoutChatTableViewCell.swift in Sources */,
				09FAC81029C046A400DDAF43 /* PayViewNavigationController.swift in Sources */,
				09B34E9F29C0BAE5003D6C63 /* SendSale.swift in Sources */,
				09A033C429B36D8000F291FF /* model.swift in Sources */,
				09A033C829B36FFA00F291FF /* SelfLoginViewController.swift in Sources */,
				0942014A29BF4A9C00FBC425 /* RequestJoin.swift in Sources */,
				0938CC8929B390DE000BE7CA /* phoneComViewController.swift in Sources */,
				09A0339929B31EF700F291FF /* ViewController.swift in Sources */,
				09A1E46F29BE31E6004A59B7 /* LoginResponse.swift in Sources */,
				09FAC81529C0795600DDAF43 /* EditShopResponse.swift in Sources */,
				09B1141329BCBB6400629052 /* BankTableViewCell.swift in Sources */,
				09B34EB429C0FD2D003D6C63 /* ReviewRequest.swift in Sources */,
				0942014C29BF4ACF00FBC425 /* ResponseJoin.swift in Sources */,
				09998EFC29B8544E007F1C45 /* OptionViewController.swift in Sources */,
				0945B58829B780B20079EAE7 /* FrequencyCollectionViewCell.swift in Sources */,
				09A1E47229BE36F0004A59B7 /* MyPage.swift in Sources */,
				09B34EB029C0F3B9003D6C63 /* UIViewController.swift in Sources */,
				09998EFE29B85F67007F1C45 /* SaleNavigationController.swift in Sources */,
				09A033B929B3248300F291FF /* EtcLoginViewController.swift in Sources */,
				09F2C86629B4FDA600CC6B39 /* AgreeViewController.swift in Sources */,
				09B1141629BCBB7800629052 /* CardChoiceViewController.swift in Sources */,
				0936188329BE69B90086631F /* MyChatTableViewCell.swift in Sources */,
				0938CC8729B38706000BE7CA /* NavigationBar.swift in Sources */,
				09F66B9E29B9D295008B1FD9 /* MapViewController.swift in Sources */,
				09B1140829BCA28900629052 /* PayMethodViewController.swift in Sources */,
				09C8455029C1B82E000A22F8 /* CategorySearch.swift in Sources */,
				09A0339529B31EF700F291FF /* AppDelegate.swift in Sources */,
				09B1141829BCC66900629052 /* BankChoiceViewController.swift in Sources */,
				0938CC8329B38300000BE7CA /* TextField.swift in Sources */,
				09CB6E2D29B59D0300780ED1 /* BrandMenuViewController.swift in Sources */,
				09C8454E29C1B1E5000A22F8 /* tagSearch.swift in Sources */,
				09F66BA429B9F096008B1FD9 /* SearchAddressViewController.swift in Sources */,
				09B1141C29BCDF9400629052 /* MyViewController.swift in Sources */,
				0942014E29BF4B8100FBC425 /* SendJoin.swift in Sources */,
				09998EFA29B85443007F1C45 /* TagViewController.swift in Sources */,
				093A90D929B9C70700D8D8B5 /* UIButton.swift in Sources */,
				09B34EB629C0FE0B003D6C63 /* ResponseReview.swift in Sources */,
				092A186929C1E44A00A866BA /* Typesomethingheader.swift in Sources */,
				09A26BEF29B4A19B006D44DF /* HomeCategoryData.swift in Sources */,
				09A1E47D29BE567D004A59B7 /* ChatTableViewCell.swift in Sources */,
				09448C5529B609290072FA73 /* SearchViewController.swift in Sources */,
				09F2C86929B4FF7500CC6B39 /* AgreeTableViewCell.swift in Sources */,
				09A1E48129BE57E1004A59B7 /* GetChatList.swift in Sources */,
				09998EF829B85437007F1C45 /* CategoryViewController.swift in Sources */,
				09D3EBB329BF06ED00BD577F /* MyShopChangeViewController.swift in Sources */,
				09F66BA729BA038A008B1FD9 /* SearchAddressTableViewCell.swift in Sources */,
				0936187C29BE63450086631F /* DetailChatViewController.swift in Sources */,
				093A90D629B9A7DF00D8D8B5 /* TagCollectionViewCell.swift in Sources */,
				09B34EAE29C0F386003D6C63 /* IndicatorView.swift in Sources */,
				09CB6E2B29B58F2500780ED1 /* MenuViewController.swift in Sources */,
				09D3EBB129BEEBCE00BD577F /* SearchCategoryViewController.swift in Sources */,
				09E81A3829BB35C500081A30 /* UserDetail.swift in Sources */,
				09DC123429BD77DF00EDD90B /* MySaleViewController.swift in Sources */,
				09FAC81929C0797700DDAF43 /* SendEditShop.swift in Sources */,
				09CB6E2F29B59D1000780ED1 /* ServiceMenuViewController.swift in Sources */,
				09DC123829BD781400EDD90B /* MyHeartViewController.swift in Sources */,
				09CB6E3129B5A4D100780ED1 /* CategoryMenuViewController.swift in Sources */,
				0936100B29C1F89100D78AAA /* GiveHeart.swift in Sources */,
				09448C5229B5F91B0072FA73 /* CategoryTableViewCell.swift in Sources */,
				09A8FDEC29B877E000728CE1 /* SaleCategoryTableViewCell.swift in Sources */,
				09A1E47929BE54EB004A59B7 /* ChatViewController.swift in Sources */,
				09A1E46B29BDFB95004A59B7 /* ItemListResponse.swift in Sources */,
				09F2C86429B4F07D00CC6B39 /* APIConstants.swift in Sources */,
				09A033C629B36DB000F291FF /* HomeViewController.swift in Sources */,
				09F66BAE29BA3E59008B1FD9 /* DetailItemViewController.swift in Sources */,
				09F66BAB29BA293B008B1FD9 /* SetImgCollectionViewCell.swift in Sources */,
				09B1141A29BCD86200629052 /* DeliveryOptViewController.swift in Sources */,
				095FAA3229BB5D0D00A447AF /* PayOptionViewController.swift in Sources */,
				09FAC81729C0796F00DDAF43 /* EditShopRequest.swift in Sources */,
				093A960129B70778007102BC /* RecentSearchCollectionViewCell.swift in Sources */,
				09B1140B29BCAC8F00629052 /* PayMethodCollectionViewCell.swift in Sources */,
				09A1E48329BE57F4004A59B7 /* Chatresponse.swift in Sources */,
				09DC123629BD77ED00EDD90B /* MyReviewViewController.swift in Sources */,
				09FAC81229C04BEC00DDAF43 /* RequestLogin.swift in Sources */,
				09E7C0D529BEBEC400627C3A /* EditViewController.swift in Sources */,
				09D3EBAD29BED11B00BD577F /* EditSearchViewController.swift in Sources */,
				09A0339729B31EF700F291FF /* SceneDelegate.swift in Sources */,
				09CBF40A29B4D2A200D261B6 /* ItemCollectionViewCell.swift in Sources */,
				0945B58D29B79A300079EAE7 /* SaleViewController.swift in Sources */,
				09B34EBA29C1046D003D6C63 /* ResponseFollow.swift in Sources */,
			);
			runOnlyForDeploymentPostprocessing = 0;
		};
/* End PBXSourcesBuildPhase section */

/* Begin PBXVariantGroup section */
		09A0339A29B31EF700F291FF /* Main.storyboard */ = {
			isa = PBXVariantGroup;
			children = (
				09A0339B29B31EF700F291FF /* Base */,
			);
			name = Main.storyboard;
			sourceTree = "<group>";
		};
		09A0339F29B31EF800F291FF /* LaunchScreen.storyboard */ = {
			isa = PBXVariantGroup;
			children = (
				09A033A029B31EF800F291FF /* Base */,
			);
			name = LaunchScreen.storyboard;
			sourceTree = "<group>";
		};
/* End PBXVariantGroup section */

/* Begin XCBuildConfiguration section */
		09A033A329B31EF800F291FF /* Debug */ = {
			isa = XCBuildConfiguration;
			buildSettings = {
				ALWAYS_SEARCH_USER_PATHS = NO;
				CLANG_ANALYZER_NONNULL = YES;
				CLANG_ANALYZER_NUMBER_OBJECT_CONVERSION = YES_AGGRESSIVE;
				CLANG_CXX_LANGUAGE_STANDARD = "gnu++20";
				CLANG_ENABLE_MODULES = YES;
				CLANG_ENABLE_OBJC_ARC = YES;
				CLANG_ENABLE_OBJC_WEAK = YES;
				CLANG_WARN_BLOCK_CAPTURE_AUTORELEASING = YES;
				CLANG_WARN_BOOL_CONVERSION = YES;
				CLANG_WARN_COMMA = YES;
				CLANG_WARN_CONSTANT_CONVERSION = YES;
				CLANG_WARN_DEPRECATED_OBJC_IMPLEMENTATIONS = YES;
				CLANG_WARN_DIRECT_OBJC_ISA_USAGE = YES_ERROR;
				CLANG_WARN_DOCUMENTATION_COMMENTS = YES;
				CLANG_WARN_EMPTY_BODY = YES;
				CLANG_WARN_ENUM_CONVERSION = YES;
				CLANG_WARN_INFINITE_RECURSION = YES;
				CLANG_WARN_INT_CONVERSION = YES;
				CLANG_WARN_NON_LITERAL_NULL_CONVERSION = YES;
				CLANG_WARN_OBJC_IMPLICIT_RETAIN_SELF = YES;
				CLANG_WARN_OBJC_LITERAL_CONVERSION = YES;
				CLANG_WARN_OBJC_ROOT_CLASS = YES_ERROR;
				CLANG_WARN_QUOTED_INCLUDE_IN_FRAMEWORK_HEADER = YES;
				CLANG_WARN_RANGE_LOOP_ANALYSIS = YES;
				CLANG_WARN_STRICT_PROTOTYPES = YES;
				CLANG_WARN_SUSPICIOUS_MOVE = YES;
				CLANG_WARN_UNGUARDED_AVAILABILITY = YES_AGGRESSIVE;
				CLANG_WARN_UNREACHABLE_CODE = YES;
				CLANG_WARN__DUPLICATE_METHOD_MATCH = YES;
				COPY_PHASE_STRIP = NO;
				DEBUG_INFORMATION_FORMAT = dwarf;
				ENABLE_STRICT_OBJC_MSGSEND = YES;
				ENABLE_TESTABILITY = YES;
				GCC_C_LANGUAGE_STANDARD = gnu11;
				GCC_DYNAMIC_NO_PIC = NO;
				GCC_NO_COMMON_BLOCKS = YES;
				GCC_OPTIMIZATION_LEVEL = 0;
				GCC_PREPROCESSOR_DEFINITIONS = (
					"DEBUG=1",
					"$(inherited)",
				);
				GCC_WARN_64_TO_32_BIT_CONVERSION = YES;
				GCC_WARN_ABOUT_RETURN_TYPE = YES_ERROR;
				GCC_WARN_UNDECLARED_SELECTOR = YES;
				GCC_WARN_UNINITIALIZED_AUTOS = YES_AGGRESSIVE;
				GCC_WARN_UNUSED_FUNCTION = YES;
				GCC_WARN_UNUSED_VARIABLE = YES;
				IPHONEOS_DEPLOYMENT_TARGET = 16.2;
				MTL_ENABLE_DEBUG_INFO = INCLUDE_SOURCE;
				MTL_FAST_MATH = YES;
				ONLY_ACTIVE_ARCH = YES;
				SDKROOT = iphoneos;
				SWIFT_ACTIVE_COMPILATION_CONDITIONS = DEBUG;
				SWIFT_OPTIMIZATION_LEVEL = "-Onone";
			};
			name = Debug;
		};
		09A033A429B31EF800F291FF /* Release */ = {
			isa = XCBuildConfiguration;
			buildSettings = {
				ALWAYS_SEARCH_USER_PATHS = NO;
				CLANG_ANALYZER_NONNULL = YES;
				CLANG_ANALYZER_NUMBER_OBJECT_CONVERSION = YES_AGGRESSIVE;
				CLANG_CXX_LANGUAGE_STANDARD = "gnu++20";
				CLANG_ENABLE_MODULES = YES;
				CLANG_ENABLE_OBJC_ARC = YES;
				CLANG_ENABLE_OBJC_WEAK = YES;
				CLANG_WARN_BLOCK_CAPTURE_AUTORELEASING = YES;
				CLANG_WARN_BOOL_CONVERSION = YES;
				CLANG_WARN_COMMA = YES;
				CLANG_WARN_CONSTANT_CONVERSION = YES;
				CLANG_WARN_DEPRECATED_OBJC_IMPLEMENTATIONS = YES;
				CLANG_WARN_DIRECT_OBJC_ISA_USAGE = YES_ERROR;
				CLANG_WARN_DOCUMENTATION_COMMENTS = YES;
				CLANG_WARN_EMPTY_BODY = YES;
				CLANG_WARN_ENUM_CONVERSION = YES;
				CLANG_WARN_INFINITE_RECURSION = YES;
				CLANG_WARN_INT_CONVERSION = YES;
				CLANG_WARN_NON_LITERAL_NULL_CONVERSION = YES;
				CLANG_WARN_OBJC_IMPLICIT_RETAIN_SELF = YES;
				CLANG_WARN_OBJC_LITERAL_CONVERSION = YES;
				CLANG_WARN_OBJC_ROOT_CLASS = YES_ERROR;
				CLANG_WARN_QUOTED_INCLUDE_IN_FRAMEWORK_HEADER = YES;
				CLANG_WARN_RANGE_LOOP_ANALYSIS = YES;
				CLANG_WARN_STRICT_PROTOTYPES = YES;
				CLANG_WARN_SUSPICIOUS_MOVE = YES;
				CLANG_WARN_UNGUARDED_AVAILABILITY = YES_AGGRESSIVE;
				CLANG_WARN_UNREACHABLE_CODE = YES;
				CLANG_WARN__DUPLICATE_METHOD_MATCH = YES;
				COPY_PHASE_STRIP = NO;
				DEBUG_INFORMATION_FORMAT = "dwarf-with-dsym";
				ENABLE_NS_ASSERTIONS = NO;
				ENABLE_STRICT_OBJC_MSGSEND = YES;
				GCC_C_LANGUAGE_STANDARD = gnu11;
				GCC_NO_COMMON_BLOCKS = YES;
				GCC_WARN_64_TO_32_BIT_CONVERSION = YES;
				GCC_WARN_ABOUT_RETURN_TYPE = YES_ERROR;
				GCC_WARN_UNDECLARED_SELECTOR = YES;
				GCC_WARN_UNINITIALIZED_AUTOS = YES_AGGRESSIVE;
				GCC_WARN_UNUSED_FUNCTION = YES;
				GCC_WARN_UNUSED_VARIABLE = YES;
				IPHONEOS_DEPLOYMENT_TARGET = 16.2;
				MTL_ENABLE_DEBUG_INFO = NO;
				MTL_FAST_MATH = YES;
				SDKROOT = iphoneos;
				SWIFT_COMPILATION_MODE = wholemodule;
				SWIFT_OPTIMIZATION_LEVEL = "-O";
				VALIDATE_PRODUCT = YES;
			};
			name = Release;
		};
		09A033A629B31EF800F291FF /* Debug */ = {
			isa = XCBuildConfiguration;
			baseConfigurationReference = A349ADF302BAC63A7B6941C0 /* Pods-BunJang.debug.xcconfig */;
			buildSettings = {
				ASSETCATALOG_COMPILER_APPICON_NAME = AppIcon;
				ASSETCATALOG_COMPILER_GLOBAL_ACCENT_COLOR_NAME = AccentColor;
				CODE_SIGN_ENTITLEMENTS = BunJang/BunJang.entitlements;
				CODE_SIGN_STYLE = Automatic;
				CURRENT_PROJECT_VERSION = 1;
				DEVELOPMENT_TEAM = JA7UDVTQBU;
				GENERATE_INFOPLIST_FILE = YES;
				INFOPLIST_FILE = BunJang/Info.plist;
				INFOPLIST_KEY_UIApplicationSupportsIndirectInputEvents = YES;
				INFOPLIST_KEY_UILaunchStoryboardName = LaunchScreen;
				INFOPLIST_KEY_UIMainStoryboardFile = Main;
				INFOPLIST_KEY_UISupportedInterfaceOrientations_iPad = "UIInterfaceOrientationPortrait UIInterfaceOrientationPortraitUpsideDown UIInterfaceOrientationLandscapeLeft UIInterfaceOrientationLandscapeRight";
				INFOPLIST_KEY_UISupportedInterfaceOrientations_iPhone = "UIInterfaceOrientationPortrait UIInterfaceOrientationLandscapeLeft UIInterfaceOrientationLandscapeRight";
				LD_RUNPATH_SEARCH_PATHS = (
					"$(inherited)",
					"@executable_path/Frameworks",
				);
				MARKETING_VERSION = 1.0;
				PRODUCT_BUNDLE_IDENTIFIER = jc.BunJang;
				PRODUCT_NAME = "$(TARGET_NAME)";
				SWIFT_EMIT_LOC_STRINGS = YES;
				SWIFT_VERSION = 5.0;
				TARGETED_DEVICE_FAMILY = "1,2";
			};
			name = Debug;
		};
		09A033A729B31EF800F291FF /* Release */ = {
			isa = XCBuildConfiguration;
			baseConfigurationReference = BA292E1A06D6CEAC39F69DD5 /* Pods-BunJang.release.xcconfig */;
			buildSettings = {
				ASSETCATALOG_COMPILER_APPICON_NAME = AppIcon;
				ASSETCATALOG_COMPILER_GLOBAL_ACCENT_COLOR_NAME = AccentColor;
				CODE_SIGN_ENTITLEMENTS = BunJang/BunJang.entitlements;
				CODE_SIGN_STYLE = Automatic;
				CURRENT_PROJECT_VERSION = 1;
				DEVELOPMENT_TEAM = JA7UDVTQBU;
				GENERATE_INFOPLIST_FILE = YES;
				INFOPLIST_FILE = BunJang/Info.plist;
				INFOPLIST_KEY_UIApplicationSupportsIndirectInputEvents = YES;
				INFOPLIST_KEY_UILaunchStoryboardName = LaunchScreen;
				INFOPLIST_KEY_UIMainStoryboardFile = Main;
				INFOPLIST_KEY_UISupportedInterfaceOrientations_iPad = "UIInterfaceOrientationPortrait UIInterfaceOrientationPortraitUpsideDown UIInterfaceOrientationLandscapeLeft UIInterfaceOrientationLandscapeRight";
				INFOPLIST_KEY_UISupportedInterfaceOrientations_iPhone = "UIInterfaceOrientationPortrait UIInterfaceOrientationLandscapeLeft UIInterfaceOrientationLandscapeRight";
				LD_RUNPATH_SEARCH_PATHS = (
					"$(inherited)",
					"@executable_path/Frameworks",
				);
				MARKETING_VERSION = 1.0;
				PRODUCT_BUNDLE_IDENTIFIER = jc.BunJang;
				PRODUCT_NAME = "$(TARGET_NAME)";
				SWIFT_EMIT_LOC_STRINGS = YES;
				SWIFT_VERSION = 5.0;
				TARGETED_DEVICE_FAMILY = "1,2";
			};
			name = Release;
		};
/* End XCBuildConfiguration section */

/* Begin XCConfigurationList section */
		09A0338C29B31EF700F291FF /* Build configuration list for PBXProject "BunJang" */ = {
			isa = XCConfigurationList;
			buildConfigurations = (
				09A033A329B31EF800F291FF /* Debug */,
				09A033A429B31EF800F291FF /* Release */,
			);
			defaultConfigurationIsVisible = 0;
			defaultConfigurationName = Release;
		};
		09A033A529B31EF800F291FF /* Build configuration list for PBXNativeTarget "BunJang" */ = {
			isa = XCConfigurationList;
			buildConfigurations = (
				09A033A629B31EF800F291FF /* Debug */,
				09A033A729B31EF800F291FF /* Release */,
			);
			defaultConfigurationIsVisible = 0;
			defaultConfigurationName = Release;
		};
/* End XCConfigurationList section */

/* Begin XCRemoteSwiftPackageReference section */
		09B34EA229C0E255003D6C63 /* XCRemoteSwiftPackageReference "firebase-ios-sdk" */ = {
			isa = XCRemoteSwiftPackageReference;
			repositoryURL = "https://github.com/firebase/firebase-ios-sdk.git";
			requirement = {
				kind = upToNextMajorVersion;
				minimumVersion = 9.0.0;
			};
		};
/* End XCRemoteSwiftPackageReference section */

/* Begin XCSwiftPackageProductDependency section */
		09B34EA329C0E255003D6C63 /* FirebaseAuth */ = {
			isa = XCSwiftPackageProductDependency;
			package = 09B34EA229C0E255003D6C63 /* XCRemoteSwiftPackageReference "firebase-ios-sdk" */;
			productName = FirebaseAuth;
		};
		09B34EA529C0E255003D6C63 /* FirebaseFirestore */ = {
			isa = XCSwiftPackageProductDependency;
			package = 09B34EA229C0E255003D6C63 /* XCRemoteSwiftPackageReference "firebase-ios-sdk" */;
			productName = FirebaseFirestore;
		};
		09B34EA729C0E255003D6C63 /* FirebaseFirestoreSwift */ = {
			isa = XCSwiftPackageProductDependency;
			package = 09B34EA229C0E255003D6C63 /* XCRemoteSwiftPackageReference "firebase-ios-sdk" */;
			productName = FirebaseFirestoreSwift;
		};
		09B34EA929C0E255003D6C63 /* FirebaseStorage */ = {
			isa = XCSwiftPackageProductDependency;
			package = 09B34EA229C0E255003D6C63 /* XCRemoteSwiftPackageReference "firebase-ios-sdk" */;
			productName = FirebaseStorage;
		};
/* End XCSwiftPackageProductDependency section */
	};
	rootObject = 09A0338929B31EF700F291FF /* Project object */;
}
